// !$*UTF8*$!
{
	archiveVersion = 1;
	classes = {
	};
	objectVersion = 50;
	objects = {

/* Begin PBXBuildFile section */
		957F9C06228FB15A001AC942 /* AppDelegate.swift in Sources */ = {isa = PBXBuildFile; fileRef = 957F9C05228FB15A001AC942 /* AppDelegate.swift */; };
		957F9C08228FB15A001AC942 /* ViewController.swift in Sources */ = {isa = PBXBuildFile; fileRef = 957F9C07228FB15A001AC942 /* ViewController.swift */; };
		957F9C0B228FB15A001AC942 /* Main.storyboard in Resources */ = {isa = PBXBuildFile; fileRef = 957F9C09228FB15A001AC942 /* Main.storyboard */; };
		957F9C0D228FB15B001AC942 /* Assets.xcassets in Resources */ = {isa = PBXBuildFile; fileRef = 957F9C0C228FB15B001AC942 /* Assets.xcassets */; };
		957F9C10228FB15B001AC942 /* LaunchScreen.storyboard in Resources */ = {isa = PBXBuildFile; fileRef = 957F9C0E228FB15B001AC942 /* LaunchScreen.storyboard */; };
		957F9C1B228FB15B001AC942 /* uni_alarmeeTests.swift in Sources */ = {isa = PBXBuildFile; fileRef = 957F9C1A228FB15B001AC942 /* uni_alarmeeTests.swift */; };
		957F9C26228FB15B001AC942 /* uni_alarmeeUITests.swift in Sources */ = {isa = PBXBuildFile; fileRef = 957F9C25228FB15B001AC942 /* uni_alarmeeUITests.swift */; };
		9582E8692292702B00BD3F2A /* DataCenter.swift in Sources */ = {isa = PBXBuildFile; fileRef = 9582E8682292702B00BD3F2A /* DataCenter.swift */; };
		9582E86B2292713A00BD3F2A /* UIKit.framework in Frameworks */ = {isa = PBXBuildFile; fileRef = 9582E86A2292713900BD3F2A /* UIKit.framework */; };
		9582E86D2292713F00BD3F2A /* CoreGraphics.framework in Frameworks */ = {isa = PBXBuildFile; fileRef = 9582E86C2292713F00BD3F2A /* CoreGraphics.framework */; };
		9582E86F2292714400BD3F2A /* Foundation.framework in Frameworks */ = {isa = PBXBuildFile; fileRef = 9582E86E2292714300BD3F2A /* Foundation.framework */; };
		9582E87B22927D8F00BD3F2A /* FSCalendar in Resources */ = {isa = PBXBuildFile; fileRef = 9582E87A22927D8E00BD3F2A /* FSCalendar */; };
		9582E87C22927D9F00BD3F2A /* FSCalendar in Sources */ = {isa = PBXBuildFile; fileRef = 9582E87A22927D8E00BD3F2A /* FSCalendar */; };
		9582E87E22927DB500BD3F2A /* OpenAPI_SDK_FW.framework in Frameworks */ = {isa = PBXBuildFile; fileRef = 9582E87D22927DB500BD3F2A /* OpenAPI_SDK_FW.framework */; };
		9582E88022927E9100BD3F2A /* OAuthSample.m in Sources */ = {isa = PBXBuildFile; fileRef = 9582E87F22927E9100BD3F2A /* OAuthSample.m */; };
/* End PBXBuildFile section */

/* Begin PBXContainerItemProxy section */
		957F9C17228FB15B001AC942 /* PBXContainerItemProxy */ = {
			isa = PBXContainerItemProxy;
			containerPortal = 957F9BFA228FB15A001AC942 /* Project object */;
			proxyType = 1;
			remoteGlobalIDString = 957F9C01228FB15A001AC942;
			remoteInfo = "uni-alarmee";
		};
		957F9C22228FB15B001AC942 /* PBXContainerItemProxy */ = {
			isa = PBXContainerItemProxy;
			containerPortal = 957F9BFA228FB15A001AC942 /* Project object */;
			proxyType = 1;
			remoteGlobalIDString = 957F9C01228FB15A001AC942;
			remoteInfo = "uni-alarmee";
		};
/* End PBXContainerItemProxy section */

/* Begin PBXFileReference section */
		957F9C02228FB15A001AC942 /* uni-alarmee.app */ = {isa = PBXFileReference; explicitFileType = wrapper.application; includeInIndex = 0; path = "uni-alarmee.app"; sourceTree = BUILT_PRODUCTS_DIR; };
		957F9C05228FB15A001AC942 /* AppDelegate.swift */ = {isa = PBXFileReference; lastKnownFileType = sourcecode.swift; path = AppDelegate.swift; sourceTree = "<group>"; };
		957F9C07228FB15A001AC942 /* ViewController.swift */ = {isa = PBXFileReference; lastKnownFileType = sourcecode.swift; path = ViewController.swift; sourceTree = "<group>"; };
		957F9C0A228FB15A001AC942 /* Base */ = {isa = PBXFileReference; lastKnownFileType = file.storyboard; name = Base; path = Base.lproj/Main.storyboard; sourceTree = "<group>"; };
		957F9C0C228FB15B001AC942 /* Assets.xcassets */ = {isa = PBXFileReference; lastKnownFileType = folder.assetcatalog; path = Assets.xcassets; sourceTree = "<group>"; };
		957F9C0F228FB15B001AC942 /* Base */ = {isa = PBXFileReference; lastKnownFileType = file.storyboard; name = Base; path = Base.lproj/LaunchScreen.storyboard; sourceTree = "<group>"; };
		957F9C11228FB15B001AC942 /* Info.plist */ = {isa = PBXFileReference; lastKnownFileType = text.plist.xml; path = Info.plist; sourceTree = "<group>"; };
		957F9C16228FB15B001AC942 /* uni-alarmeeTests.xctest */ = {isa = PBXFileReference; explicitFileType = wrapper.cfbundle; includeInIndex = 0; path = "uni-alarmeeTests.xctest"; sourceTree = BUILT_PRODUCTS_DIR; };
		957F9C1A228FB15B001AC942 /* uni_alarmeeTests.swift */ = {isa = PBXFileReference; lastKnownFileType = sourcecode.swift; path = uni_alarmeeTests.swift; sourceTree = "<group>"; };
		957F9C1C228FB15B001AC942 /* Info.plist */ = {isa = PBXFileReference; lastKnownFileType = text.plist.xml; path = Info.plist; sourceTree = "<group>"; };
		957F9C21228FB15B001AC942 /* uni-alarmeeUITests.xctest */ = {isa = PBXFileReference; explicitFileType = wrapper.cfbundle; includeInIndex = 0; path = "uni-alarmeeUITests.xctest"; sourceTree = BUILT_PRODUCTS_DIR; };
		957F9C25228FB15B001AC942 /* uni_alarmeeUITests.swift */ = {isa = PBXFileReference; lastKnownFileType = sourcecode.swift; path = uni_alarmeeUITests.swift; sourceTree = "<group>"; };
		957F9C27228FB15B001AC942 /* Info.plist */ = {isa = PBXFileReference; lastKnownFileType = text.plist.xml; path = Info.plist; sourceTree = "<group>"; };
		9582E86022926B3300BD3F2A /* uni_alarmee-Bridging-Header.h */ = {isa = PBXFileReference; fileEncoding = 4; lastKnownFileType = sourcecode.c.h; path = "uni_alarmee-Bridging-Header.h"; sourceTree = "<group>"; };
		9582E8682292702B00BD3F2A /* DataCenter.swift */ = {isa = PBXFileReference; fileEncoding = 4; lastKnownFileType = sourcecode.swift; path = DataCenter.swift; sourceTree = "<group>"; };
		9582E86A2292713900BD3F2A /* UIKit.framework */ = {isa = PBXFileReference; lastKnownFileType = wrapper.framework; name = UIKit.framework; path = System/Library/Frameworks/UIKit.framework; sourceTree = SDKROOT; };
		9582E86C2292713F00BD3F2A /* CoreGraphics.framework */ = {isa = PBXFileReference; lastKnownFileType = wrapper.framework; name = CoreGraphics.framework; path = System/Library/Frameworks/CoreGraphics.framework; sourceTree = SDKROOT; };
		9582E86E2292714300BD3F2A /* Foundation.framework */ = {isa = PBXFileReference; lastKnownFileType = wrapper.framework; name = Foundation.framework; path = System/Library/Frameworks/Foundation.framework; sourceTree = SDKROOT; };
		9582E87A22927D8E00BD3F2A /* FSCalendar */ = {isa = PBXFileReference; lastKnownFileType = folder; path = FSCalendar; sourceTree = "<group>"; };
		9582E87D22927DB500BD3F2A /* OpenAPI_SDK_FW.framework */ = {isa = PBXFileReference; lastKnownFileType = wrapper.framework; name = OpenAPI_SDK_FW.framework; path = "uni-alarmee/OAuthSample/OpenAPI_SDK_FW.framework"; sourceTree = "<group>"; };
		9582E87F22927E9100BD3F2A /* OAuthSample.m */ = {isa = PBXFileReference; fileEncoding = 4; lastKnownFileType = sourcecode.c.objc; name = OAuthSample.m; path = OAuthSample/OAuthSample.m; sourceTree = "<group>"; };
/* End PBXFileReference section */

/* Begin PBXFrameworksBuildPhase section */
		957F9BFF228FB15A001AC942 /* Frameworks */ = {
			isa = PBXFrameworksBuildPhase;
			buildActionMask = 2147483647;
			files = (
				9582E87E22927DB500BD3F2A /* OpenAPI_SDK_FW.framework in Frameworks */,
				9582E86F2292714400BD3F2A /* Foundation.framework in Frameworks */,
				9582E86D2292713F00BD3F2A /* CoreGraphics.framework in Frameworks */,
				9582E86B2292713A00BD3F2A /* UIKit.framework in Frameworks */,
			);
			runOnlyForDeploymentPostprocessing = 0;
		};
		957F9C13228FB15B001AC942 /* Frameworks */ = {
			isa = PBXFrameworksBuildPhase;
			buildActionMask = 2147483647;
			files = (
			);
			runOnlyForDeploymentPostprocessing = 0;
		};
		957F9C1E228FB15B001AC942 /* Frameworks */ = {
			isa = PBXFrameworksBuildPhase;
			buildActionMask = 2147483647;
			files = (
			);
			runOnlyForDeploymentPostprocessing = 0;
		};
/* End PBXFrameworksBuildPhase section */

/* Begin PBXGroup section */
		957F9BF9228FB15A001AC942 = {
			isa = PBXGroup;
			children = (
				957F9C04228FB15A001AC942 /* uni-alarmee */,
				957F9C19228FB15B001AC942 /* uni-alarmeeTests */,
				957F9C24228FB15B001AC942 /* uni-alarmeeUITests */,
				957F9C03228FB15A001AC942 /* Products */,
				9582E86122926B5600BD3F2A /* Frameworks */,
			);
			sourceTree = "<group>";
		};
		957F9C03228FB15A001AC942 /* Products */ = {
			isa = PBXGroup;
			children = (
				957F9C02228FB15A001AC942 /* uni-alarmee.app */,
				957F9C16228FB15B001AC942 /* uni-alarmeeTests.xctest */,
				957F9C21228FB15B001AC942 /* uni-alarmeeUITests.xctest */,
			);
			name = Products;
			sourceTree = "<group>";
		};
		957F9C04228FB15A001AC942 /* uni-alarmee */ = {
			isa = PBXGroup;
			children = (
				9582E87F22927E9100BD3F2A /* OAuthSample.m */,
				9582E87A22927D8E00BD3F2A /* FSCalendar */,
				9582E86022926B3300BD3F2A /* uni_alarmee-Bridging-Header.h */,
				957F9C05228FB15A001AC942 /* AppDelegate.swift */,
				957F9C07228FB15A001AC942 /* ViewController.swift */,
				957F9C09228FB15A001AC942 /* Main.storyboard */,
				957F9C0C228FB15B001AC942 /* Assets.xcassets */,
				957F9C0E228FB15B001AC942 /* LaunchScreen.storyboard */,
				9582E8682292702B00BD3F2A /* DataCenter.swift */,
				957F9C11228FB15B001AC942 /* Info.plist */,
			);
			path = "uni-alarmee";
			sourceTree = "<group>";
		};
		957F9C19228FB15B001AC942 /* uni-alarmeeTests */ = {
			isa = PBXGroup;
			children = (
				957F9C1A228FB15B001AC942 /* uni_alarmeeTests.swift */,
				957F9C1C228FB15B001AC942 /* Info.plist */,
			);
			path = "uni-alarmeeTests";
			sourceTree = "<group>";
		};
		957F9C24228FB15B001AC942 /* uni-alarmeeUITests */ = {
			isa = PBXGroup;
			children = (
				957F9C25228FB15B001AC942 /* uni_alarmeeUITests.swift */,
				957F9C27228FB15B001AC942 /* Info.plist */,
			);
			path = "uni-alarmeeUITests";
			sourceTree = "<group>";
		};
		9582E86122926B5600BD3F2A /* Frameworks */ = {
			isa = PBXGroup;
			children = (
				9582E87D22927DB500BD3F2A /* OpenAPI_SDK_FW.framework */,
				9582E86E2292714300BD3F2A /* Foundation.framework */,
				9582E86C2292713F00BD3F2A /* CoreGraphics.framework */,
				9582E86A2292713900BD3F2A /* UIKit.framework */,
			);
			name = Frameworks;
			sourceTree = "<group>";
		};
/* End PBXGroup section */

/* Begin PBXNativeTarget section */
		957F9C01228FB15A001AC942 /* uni-alarmee */ = {
			isa = PBXNativeTarget;
			buildConfigurationList = 957F9C2A228FB15B001AC942 /* Build configuration list for PBXNativeTarget "uni-alarmee" */;
			buildPhases = (
				957F9BFE228FB15A001AC942 /* Sources */,
				957F9BFF228FB15A001AC942 /* Frameworks */,
				957F9C00228FB15A001AC942 /* Resources */,
			);
			buildRules = (
			);
			dependencies = (
			);
			name = "uni-alarmee";
			productName = "uni-alarmee";
			productReference = 957F9C02228FB15A001AC942 /* uni-alarmee.app */;
			productType = "com.apple.product-type.application";
		};
		957F9C15228FB15B001AC942 /* uni-alarmeeTests */ = {
			isa = PBXNativeTarget;
			buildConfigurationList = 957F9C2D228FB15B001AC942 /* Build configuration list for PBXNativeTarget "uni-alarmeeTests" */;
			buildPhases = (
				957F9C12228FB15B001AC942 /* Sources */,
				957F9C13228FB15B001AC942 /* Frameworks */,
				957F9C14228FB15B001AC942 /* Resources */,
			);
			buildRules = (
			);
			dependencies = (
				957F9C18228FB15B001AC942 /* PBXTargetDependency */,
			);
			name = "uni-alarmeeTests";
			productName = "uni-alarmeeTests";
			productReference = 957F9C16228FB15B001AC942 /* uni-alarmeeTests.xctest */;
			productType = "com.apple.product-type.bundle.unit-test";
		};
		957F9C20228FB15B001AC942 /* uni-alarmeeUITests */ = {
			isa = PBXNativeTarget;
			buildConfigurationList = 957F9C30228FB15B001AC942 /* Build configuration list for PBXNativeTarget "uni-alarmeeUITests" */;
			buildPhases = (
				957F9C1D228FB15B001AC942 /* Sources */,
				957F9C1E228FB15B001AC942 /* Frameworks */,
				957F9C1F228FB15B001AC942 /* Resources */,
			);
			buildRules = (
			);
			dependencies = (
				957F9C23228FB15B001AC942 /* PBXTargetDependency */,
			);
			name = "uni-alarmeeUITests";
			productName = "uni-alarmeeUITests";
			productReference = 957F9C21228FB15B001AC942 /* uni-alarmeeUITests.xctest */;
			productType = "com.apple.product-type.bundle.ui-testing";
		};
/* End PBXNativeTarget section */

/* Begin PBXProject section */
		957F9BFA228FB15A001AC942 /* Project object */ = {
			isa = PBXProject;
			attributes = {
				LastSwiftUpdateCheck = 1020;
				LastUpgradeCheck = 1020;
				ORGANIZATIONNAME = CSH;
				TargetAttributes = {
					957F9C01228FB15A001AC942 = {
						CreatedOnToolsVersion = 10.2.1;
					};
					957F9C15228FB15B001AC942 = {
						CreatedOnToolsVersion = 10.2.1;
						TestTargetID = 957F9C01228FB15A001AC942;
					};
					957F9C20228FB15B001AC942 = {
						CreatedOnToolsVersion = 10.2.1;
						TestTargetID = 957F9C01228FB15A001AC942;
					};
				};
			};
			buildConfigurationList = 957F9BFD228FB15A001AC942 /* Build configuration list for PBXProject "uni-alarmee" */;
			compatibilityVersion = "Xcode 9.3";
			developmentRegion = en;
			hasScannedForEncodings = 0;
			knownRegions = (
				en,
				Base,
			);
			mainGroup = 957F9BF9228FB15A001AC942;
			productRefGroup = 957F9C03228FB15A001AC942 /* Products */;
			projectDirPath = "";
			projectRoot = "";
			targets = (
				957F9C01228FB15A001AC942 /* uni-alarmee */,
				957F9C15228FB15B001AC942 /* uni-alarmeeTests */,
				957F9C20228FB15B001AC942 /* uni-alarmeeUITests */,
			);
		};
/* End PBXProject section */

/* Begin PBXResourcesBuildPhase section */
		957F9C00228FB15A001AC942 /* Resources */ = {
			isa = PBXResourcesBuildPhase;
			buildActionMask = 2147483647;
			files = (
				957F9C10228FB15B001AC942 /* LaunchScreen.storyboard in Resources */,
				9582E87B22927D8F00BD3F2A /* FSCalendar in Resources */,
				957F9C0D228FB15B001AC942 /* Assets.xcassets in Resources */,
				957F9C0B228FB15A001AC942 /* Main.storyboard in Resources */,
			);
			runOnlyForDeploymentPostprocessing = 0;
		};
		957F9C14228FB15B001AC942 /* Resources */ = {
			isa = PBXResourcesBuildPhase;
			buildActionMask = 2147483647;
			files = (
			);
			runOnlyForDeploymentPostprocessing = 0;
		};
		957F9C1F228FB15B001AC942 /* Resources */ = {
			isa = PBXResourcesBuildPhase;
			buildActionMask = 2147483647;
			files = (
			);
			runOnlyForDeploymentPostprocessing = 0;
		};
/* End PBXResourcesBuildPhase section */

/* Begin PBXSourcesBuildPhase section */
		957F9BFE228FB15A001AC942 /* Sources */ = {
			isa = PBXSourcesBuildPhase;
			buildActionMask = 2147483647;
			files = (
				9582E88022927E9100BD3F2A /* OAuthSample.m in Sources */,
				9582E87C22927D9F00BD3F2A /* FSCalendar in Sources */,
				957F9C08228FB15A001AC942 /* ViewController.swift in Sources */,
				9582E8692292702B00BD3F2A /* DataCenter.swift in Sources */,
				957F9C06228FB15A001AC942 /* AppDelegate.swift in Sources */,
			);
			runOnlyForDeploymentPostprocessing = 0;
		};
		957F9C12228FB15B001AC942 /* Sources */ = {
			isa = PBXSourcesBuildPhase;
			buildActionMask = 2147483647;
			files = (
				957F9C1B228FB15B001AC942 /* uni_alarmeeTests.swift in Sources */,
			);
			runOnlyForDeploymentPostprocessing = 0;
		};
		957F9C1D228FB15B001AC942 /* Sources */ = {
			isa = PBXSourcesBuildPhase;
			buildActionMask = 2147483647;
			files = (
				957F9C26228FB15B001AC942 /* uni_alarmeeUITests.swift in Sources */,
			);
			runOnlyForDeploymentPostprocessing = 0;
		};
/* End PBXSourcesBuildPhase section */

/* Begin PBXTargetDependency section */
		957F9C18228FB15B001AC942 /* PBXTargetDependency */ = {
			isa = PBXTargetDependency;
			target = 957F9C01228FB15A001AC942 /* uni-alarmee */;
			targetProxy = 957F9C17228FB15B001AC942 /* PBXContainerItemProxy */;
		};
		957F9C23228FB15B001AC942 /* PBXTargetDependency */ = {
			isa = PBXTargetDependency;
			target = 957F9C01228FB15A001AC942 /* uni-alarmee */;
			targetProxy = 957F9C22228FB15B001AC942 /* PBXContainerItemProxy */;
		};
/* End PBXTargetDependency section */

/* Begin PBXVariantGroup section */
		957F9C09228FB15A001AC942 /* Main.storyboard */ = {
			isa = PBXVariantGroup;
			children = (
				957F9C0A228FB15A001AC942 /* Base */,
			);
			name = Main.storyboard;
			sourceTree = "<group>";
		};
		957F9C0E228FB15B001AC942 /* LaunchScreen.storyboard */ = {
			isa = PBXVariantGroup;
			children = (
				957F9C0F228FB15B001AC942 /* Base */,
			);
			name = LaunchScreen.storyboard;
			sourceTree = "<group>";
		};
/* End PBXVariantGroup section */

/* Begin XCBuildConfiguration section */
		957F9C28228FB15B001AC942 /* Debug */ = {
			isa = XCBuildConfiguration;
			buildSettings = {
				ALWAYS_SEARCH_USER_PATHS = NO;
				CLANG_ANALYZER_NONNULL = YES;
				CLANG_ANALYZER_NUMBER_OBJECT_CONVERSION = YES_AGGRESSIVE;
				CLANG_CXX_LANGUAGE_STANDARD = "gnu++14";
				CLANG_CXX_LIBRARY = "libc++";
				CLANG_ENABLE_MODULES = YES;
				CLANG_ENABLE_OBJC_ARC = YES;
				CLANG_ENABLE_OBJC_WEAK = YES;
				CLANG_WARN_BLOCK_CAPTURE_AUTORELEASING = YES;
				CLANG_WARN_BOOL_CONVERSION = YES;
				CLANG_WARN_COMMA = YES;
				CLANG_WARN_CONSTANT_CONVERSION = YES;
				CLANG_WARN_DEPRECATED_OBJC_IMPLEMENTATIONS = YES;
				CLANG_WARN_DIRECT_OBJC_ISA_USAGE = YES_ERROR;
				CLANG_WARN_DOCUMENTATION_COMMENTS = YES;
				CLANG_WARN_EMPTY_BODY = YES;
				CLANG_WARN_ENUM_CONVERSION = YES;
				CLANG_WARN_INFINITE_RECURSION = YES;
				CLANG_WARN_INT_CONVERSION = YES;
				CLANG_WARN_NON_LITERAL_NULL_CONVERSION = YES;
				CLANG_WARN_OBJC_IMPLICIT_RETAIN_SELF = YES;
				CLANG_WARN_OBJC_LITERAL_CONVERSION = YES;
				CLANG_WARN_OBJC_ROOT_CLASS = YES_ERROR;
				CLANG_WARN_RANGE_LOOP_ANALYSIS = YES;
				CLANG_WARN_STRICT_PROTOTYPES = YES;
				CLANG_WARN_SUSPICIOUS_MOVE = YES;
				CLANG_WARN_UNGUARDED_AVAILABILITY = YES_AGGRESSIVE;
				CLANG_WARN_UNREACHABLE_CODE = YES;
				CLANG_WARN__DUPLICATE_METHOD_MATCH = YES;
				CODE_SIGN_IDENTITY = "iPhone Developer";
				COPY_PHASE_STRIP = NO;
				DEBUG_INFORMATION_FORMAT = dwarf;
				ENABLE_STRICT_OBJC_MSGSEND = YES;
				ENABLE_TESTABILITY = YES;
				GCC_C_LANGUAGE_STANDARD = gnu11;
				GCC_DYNAMIC_NO_PIC = NO;
				GCC_NO_COMMON_BLOCKS = YES;
				GCC_OPTIMIZATION_LEVEL = 0;
				GCC_PREPROCESSOR_DEFINITIONS = (
					"DEBUG=1",
					"$(inherited)",
				);
				GCC_WARN_64_TO_32_BIT_CONVERSION = YES;
				GCC_WARN_ABOUT_RETURN_TYPE = YES_ERROR;
				GCC_WARN_UNDECLARED_SELECTOR = YES;
				GCC_WARN_UNINITIALIZED_AUTOS = YES_AGGRESSIVE;
				GCC_WARN_UNUSED_FUNCTION = YES;
				GCC_WARN_UNUSED_VARIABLE = YES;
				IPHONEOS_DEPLOYMENT_TARGET = 12.2;
				MTL_ENABLE_DEBUG_INFO = INCLUDE_SOURCE;
				MTL_FAST_MATH = YES;
				ONLY_ACTIVE_ARCH = YES;
				SDKROOT = iphoneos;
				SWIFT_ACTIVE_COMPILATION_CONDITIONS = DEBUG;
				SWIFT_OPTIMIZATION_LEVEL = "-Onone";
			};
			name = Debug;
		};
		957F9C29228FB15B001AC942 /* Release */ = {
			isa = XCBuildConfiguration;
			buildSettings = {
				ALWAYS_SEARCH_USER_PATHS = NO;
				CLANG_ANALYZER_NONNULL = YES;
				CLANG_ANALYZER_NUMBER_OBJECT_CONVERSION = YES_AGGRESSIVE;
				CLANG_CXX_LANGUAGE_STANDARD = "gnu++14";
				CLANG_CXX_LIBRARY = "libc++";
				CLANG_ENABLE_MODULES = YES;
				CLANG_ENABLE_OBJC_ARC = YES;
				CLANG_ENABLE_OBJC_WEAK = YES;
				CLANG_WARN_BLOCK_CAPTURE_AUTORELEASING = YES;
				CLANG_WARN_BOOL_CONVERSION = YES;
				CLANG_WARN_COMMA = YES;
				CLANG_WARN_CONSTANT_CONVERSION = YES;
				CLANG_WARN_DEPRECATED_OBJC_IMPLEMENTATIONS = YES;
				CLANG_WARN_DIRECT_OBJC_ISA_USAGE = YES_ERROR;
				CLANG_WARN_DOCUMENTATION_COMMENTS = YES;
				CLANG_WARN_EMPTY_BODY = YES;
				CLANG_WARN_ENUM_CONVERSION = YES;
				CLANG_WARN_INFINITE_RECURSION = YES;
				CLANG_WARN_INT_CONVERSION = YES;
				CLANG_WARN_NON_LITERAL_NULL_CONVERSION = YES;
				CLANG_WARN_OBJC_IMPLICIT_RETAIN_SELF = YES;
				CLANG_WARN_OBJC_LITERAL_CONVERSION = YES;
				CLANG_WARN_OBJC_ROOT_CLASS = YES_ERROR;
				CLANG_WARN_RANGE_LOOP_ANALYSIS = YES;
				CLANG_WARN_STRICT_PROTOTYPES = YES;
				CLANG_WARN_SUSPICIOUS_MOVE = YES;
				CLANG_WARN_UNGUARDED_AVAILABILITY = YES_AGGRESSIVE;
				CLANG_WARN_UNREACHABLE_CODE = YES;
				CLANG_WARN__DUPLICATE_METHOD_MATCH = YES;
				CODE_SIGN_IDENTITY = "iPhone Developer";
				COPY_PHASE_STRIP = NO;
				DEBUG_INFORMATION_FORMAT = "dwarf-with-dsym";
				ENABLE_NS_ASSERTIONS = NO;
				ENABLE_STRICT_OBJC_MSGSEND = YES;
				GCC_C_LANGUAGE_STANDARD = gnu11;
				GCC_NO_COMMON_BLOCKS = YES;
				GCC_WARN_64_TO_32_BIT_CONVERSION = YES;
				GCC_WARN_ABOUT_RETURN_TYPE = YES_ERROR;
				GCC_WARN_UNDECLARED_SELECTOR = YES;
				GCC_WARN_UNINITIALIZED_AUTOS = YES_AGGRESSIVE;
				GCC_WARN_UNUSED_FUNCTION = YES;
				GCC_WARN_UNUSED_VARIABLE = YES;
				IPHONEOS_DEPLOYMENT_TARGET = 12.2;
				MTL_ENABLE_DEBUG_INFO = NO;
				MTL_FAST_MATH = YES;
				SDKROOT = iphoneos;
				SWIFT_COMPILATION_MODE = wholemodule;
				SWIFT_OPTIMIZATION_LEVEL = "-O";
				VALIDATE_PRODUCT = YES;
			};
			name = Release;
		};
		957F9C2B228FB15B001AC942 /* Debug */ = {
			isa = XCBuildConfiguration;
			buildSettings = {
				ASSETCATALOG_COMPILER_APPICON_NAME = AppIcon;
				CODE_SIGN_STYLE = Automatic;
				FRAMEWORK_SEARCH_PATHS = (
					"$(inherited)",
					"$(PROJECT_DIR)/uni-alarmee/OAuthSample",
				);
				INFOPLIST_FILE = "uni-alarmee/Info.plist";
				LD_RUNPATH_SEARCH_PATHS = (
					"$(inherited)",
					"@executable_path/Frameworks",
				);
				PRODUCT_BUNDLE_IDENTIFIER = "CSH.uni-alarmee";
				PRODUCT_NAME = "$(TARGET_NAME)";
				SWIFT_OBJC_BRIDGING_HEADER = "uni-alarmee/uni_alarmee-Bridging-Header.h";
				SWIFT_OBJC_INTERFACE_HEADER_NAME = "$(SWIFT_MODULE_NAME)-Bridging-Header.h";
				SWIFT_SWIFT3_OBJC_INFERENCE = On;
				SWIFT_VERSION = 5.0;
				TARGETED_DEVICE_FAMILY = "1,2";
			};
			name = Debug;
		};
		957F9C2C228FB15B001AC942 /* Release */ = {
			isa = XCBuildConfiguration;
			buildSettings = {
				ASSETCATALOG_COMPILER_APPICON_NAME = AppIcon;
				CODE_SIGN_STYLE = Automatic;
				FRAMEWORK_SEARCH_PATHS = (
					"$(inherited)",
					"$(PROJECT_DIR)/uni-alarmee/OAuthSample",
				);
				INFOPLIST_FILE = "uni-alarmee/Info.plist";
				LD_RUNPATH_SEARCH_PATHS = (
					"$(inherited)",
					"@executable_path/Frameworks",
				);
				PRODUCT_BUNDLE_IDENTIFIER = "CSH.uni-alarmee";
				PRODUCT_NAME = "$(TARGET_NAME)";
				SWIFT_OBJC_BRIDGING_HEADER = "uni-alarmee/uni_alarmee-Bridging-Header.h";
				SWIFT_OBJC_INTERFACE_HEADER_NAME = "$(SWIFT_MODULE_NAME)-Bridging-Header.h";
				SWIFT_SWIFT3_OBJC_INFERENCE = On;
				SWIFT_VERSION = 5.0;
				TARGETED_DEVICE_FAMILY = "1,2";
			};
			name = Release;
		};
		957F9C2E228FB15B001AC942 /* Debug */ = {
			isa = XCBuildConfiguration;
			buildSettings = {
				ALWAYS_EMBED_SWIFT_STANDARD_LIBRARIES = YES;
				BUNDLE_LOADER = "$(TEST_HOST)";
				CODE_SIGN_STYLE = Automatic;
				INFOPLIST_FILE = "uni-alarmeeTests/Info.plist";
				LD_RUNPATH_SEARCH_PATHS = (
					"$(inherited)",
					"@executable_path/Frameworks",
					"@loader_path/Frameworks",
				);
				PRODUCT_BUNDLE_IDENTIFIER = "CSH.uni-alarmeeTests";
				PRODUCT_NAME = "$(TARGET_NAME)";
				SWIFT_VERSION = 5.0;
				TARGETED_DEVICE_FAMILY = "1,2";
				TEST_HOST = "$(BUILT_PRODUCTS_DIR)/uni-alarmee.app/uni-alarmee";
			};
			name = Debug;
		};
		957F9C2F228FB15B001AC942 /* Release */ = {
			isa = XCBuildConfiguration;
			buildSettings = {
				ALWAYS_EMBED_SWIFT_STANDARD_LIBRARIES = YES;
				BUNDLE_LOADER = "$(TEST_HOST)";
				CODE_SIGN_STYLE = Automatic;
				INFOPLIST_FILE = "uni-alarmeeTests/Info.plist";
				LD_RUNPATH_SEARCH_PATHS = (
					"$(inherited)",
					"@executable_path/Frameworks",
					"@loader_path/Frameworks",
				);
				PRODUCT_BUNDLE_IDENTIFIER = "CSH.uni-alarmeeTests";
				PRODUCT_NAME = "$(TARGET_NAME)";
				SWIFT_VERSION = 5.0;
				TARGETED_DEVICE_FAMILY = "1,2";
				TEST_HOST = "$(BUILT_PRODUCTS_DIR)/uni-alarmee.app/uni-alarmee";
			};
			name = Release;
		};
		957F9C31228FB15B001AC942 /* Debug */ = {
			isa = XCBuildConfiguration;
			buildSettings = {
				ALWAYS_EMBED_SWIFT_STANDARD_LIBRARIES = YES;
				CODE_SIGN_STYLE = Automatic;
				INFOPLIST_FILE = "uni-alarmeeUITests/Info.plist";
				LD_RUNPATH_SEARCH_PATHS = (
					"$(inherited)",
					"@executable_path/Frameworks",
					"@loader_path/Frameworks",
				);
				PRODUCT_BUNDLE_IDENTIFIER = "CSH.uni-alarmeeUITests";
				PRODUCT_NAME = "$(TARGET_NAME)";
				SWIFT_VERSION = 5.0;
				TARGETED_DEVICE_FAMILY = "1,2";
				TEST_TARGET_NAME = "uni-alarmee";
			};
			name = Debug;
		};
		957F9C32228FB15B001AC942 /* Release */ = {
			isa = XCBuildConfiguration;
			buildSettings = {
				ALWAYS_EMBED_SWIFT_STANDARD_LIBRARIES = YES;
				CODE_SIGN_STYLE = Automatic;
				INFOPLIST_FILE = "uni-alarmeeUITests/Info.plist";
				LD_RUNPATH_SEARCH_PATHS = (
					"$(inherited)",
					"@executable_path/Frameworks",
					"@loader_path/Frameworks",
				);
				PRODUCT_BUNDLE_IDENTIFIER = "CSH.uni-alarmeeUITests";
				PRODUCT_NAME = "$(TARGET_NAME)";
				SWIFT_VERSION = 5.0;
				TARGETED_DEVICE_FAMILY = "1,2";
				TEST_TARGET_NAME = "uni-alarmee";
			};
			name = Release;
		};
/* End XCBuildConfiguration section */

/* Begin XCConfigurationList section */
		957F9BFD228FB15A001AC942 /* Build configuration list for PBXProject "uni-alarmee" */ = {
			isa = XCConfigurationList;
			buildConfigurations = (
				957F9C28228FB15B001AC942 /* Debug */,
				957F9C29228FB15B001AC942 /* Release */,
			);
			defaultConfigurationIsVisible = 0;
			defaultConfigurationName = Release;
		};
		957F9C2A228FB15B001AC942 /* Build configuration list for PBXNativeTarget "uni-alarmee" */ = {
			isa = XCConfigurationList;
			buildConfigurations = (
				957F9C2B228FB15B001AC942 /* Debug */,
				957F9C2C228FB15B001AC942 /* Release */,
			);
			defaultConfigurationIsVisible = 0;
			defaultConfigurationName = Release;
		};
		957F9C2D228FB15B001AC942 /* Build configuration list for PBXNativeTarget "uni-alarmeeTests" */ = {
			isa = XCConfigurationList;
			buildConfigurations = (
				957F9C2E228FB15B001AC942 /* Debug */,
				957F9C2F228FB15B001AC942 /* Release */,
			);
			defaultConfigurationIsVisible = 0;
			defaultConfigurationName = Release;
		};
		957F9C30228FB15B001AC942 /* Build configuration list for PBXNativeTarget "uni-alarmeeUITests" */ = {
			isa = XCConfigurationList;
			buildConfigurations = (
				957F9C31228FB15B001AC942 /* Debug */,
				957F9C32228FB15B001AC942 /* Release */,
			);
			defaultConfigurationIsVisible = 0;
			defaultConfigurationName = Release;
		};
/* End XCConfigurationList section */
	};
	rootObject = 957F9BFA228FB15A001AC942 /* Project object */;
}
