// !$*UTF8*$!
{
	archiveVersion = 1;
	classes = {
	};
	objectVersion = 51;
	objects = {

/* Begin PBXBuildFile section */
		4E56F49722B2438800C9A1A2 /* Calendar.storyboard in Resources */ = {isa = PBXBuildFile; fileRef = 4E56F49622B2438800C9A1A2 /* Calendar.storyboard */; };
		4E56F49922B2449800C9A1A2 /* WebViewController.swift in Sources */ = {isa = PBXBuildFile; fileRef = 4E56F49822B2449800C9A1A2 /* WebViewController.swift */; };
		4E80EDBF22B25D80009DAC16 /* vc.swift in Sources */ = {isa = PBXBuildFile; fileRef = 4E80EDBE22B25D80009DAC16 /* vc.swift */; };
		4EA1E6C822B38D8900D0B985 /* SettingViewController.swift in Sources */ = {isa = PBXBuildFile; fileRef = 4EA1E6C722B38D7A00D0B985 /* SettingViewController.swift */; };
		4EA1E6CA22B399C200D0B985 /* List.storyboard in Resources */ = {isa = PBXBuildFile; fileRef = 4EA1E6C922B399C200D0B985 /* List.storyboard */; };
		4EA1E6CC22B39A8A00D0B985 /* ListViewController.swift in Sources */ = {isa = PBXBuildFile; fileRef = 4EA1E6CB22B39A8A00D0B985 /* ListViewController.swift */; };
		4EE8A00C22B23B9C00B2C810 /* AddToDo.storyboard in Resources */ = {isa = PBXBuildFile; fileRef = 4EE8A00B22B23B9C00B2C810 /* AddToDo.storyboard */; };
		501E51897EDB5E7E70DEA4E9 /* Pods_UniAlarmeeUITests.framework in Frameworks */ = {isa = PBXBuildFile; fileRef = 335662C517E06B77EDDF8B23 /* Pods_UniAlarmeeUITests.framework */; };
		87830BA841FB84C2EA69D061 /* Pods_UniAlarmee_UniAlarmeeTests.framework in Frameworks */ = {isa = PBXBuildFile; fileRef = 8676198415266AC6B955611E /* Pods_UniAlarmee_UniAlarmeeTests.framework */; };
		9582E90C22928D7A00BD3F2A /* AppDelegate.swift in Sources */ = {isa = PBXBuildFile; fileRef = 9582E90B22928D7A00BD3F2A /* AppDelegate.swift */; };
		9582E90E22928D7A00BD3F2A /* ViewController.swift in Sources */ = {isa = PBXBuildFile; fileRef = 9582E90D22928D7A00BD3F2A /* ViewController.swift */; };
		9582E91122928D7A00BD3F2A /* Main.storyboard in Resources */ = {isa = PBXBuildFile; fileRef = 9582E90F22928D7A00BD3F2A /* Main.storyboard */; };
		9582E91322928D7B00BD3F2A /* Assets.xcassets in Resources */ = {isa = PBXBuildFile; fileRef = 9582E91222928D7B00BD3F2A /* Assets.xcassets */; };
		9582E91622928D7B00BD3F2A /* LaunchScreen.storyboard in Resources */ = {isa = PBXBuildFile; fileRef = 9582E91422928D7B00BD3F2A /* LaunchScreen.storyboard */; };
		9582E92122928D7B00BD3F2A /* UniAlarmeeTests.swift in Sources */ = {isa = PBXBuildFile; fileRef = 9582E92022928D7B00BD3F2A /* UniAlarmeeTests.swift */; };
		9582E92C22928D7B00BD3F2A /* UniAlarmeeUITests.swift in Sources */ = {isa = PBXBuildFile; fileRef = 9582E92B22928D7B00BD3F2A /* UniAlarmeeUITests.swift */; };
		9582E95F22928DCE00BD3F2A /* FSCalendarCollectionView.m in Sources */ = {isa = PBXBuildFile; fileRef = 9582E93B22928DCE00BD3F2A /* FSCalendarCollectionView.m */; };
		9582E96022928DCE00BD3F2A /* FSCalendarDelegationProxy.m in Sources */ = {isa = PBXBuildFile; fileRef = 9582E93E22928DCE00BD3F2A /* FSCalendarDelegationProxy.m */; };
		9582E96122928DCE00BD3F2A /* FSCalendarDelegationFactory.m in Sources */ = {isa = PBXBuildFile; fileRef = 9582E94022928DCE00BD3F2A /* FSCalendarDelegationFactory.m */; };
		9582E96222928DCE00BD3F2A /* FSCalendarCell.m in Sources */ = {isa = PBXBuildFile; fileRef = 9582E94722928DCE00BD3F2A /* FSCalendarCell.m */; };
		9582E96322928DCE00BD3F2A /* FSCalendarStickyHeader.m in Sources */ = {isa = PBXBuildFile; fileRef = 9582E94822928DCE00BD3F2A /* FSCalendarStickyHeader.m */; };
		9582E96422928DCE00BD3F2A /* FSCalendar.m in Sources */ = {isa = PBXBuildFile; fileRef = 9582E94922928DCE00BD3F2A /* FSCalendar.m */; };
		9582E96522928DCE00BD3F2A /* FSCalendarCollectionViewLayout.m in Sources */ = {isa = PBXBuildFile; fileRef = 9582E94A22928DCE00BD3F2A /* FSCalendarCollectionViewLayout.m */; };
		9582E96622928DCE00BD3F2A /* FSCalendarWeekdayView.m in Sources */ = {isa = PBXBuildFile; fileRef = 9582E94B22928DCE00BD3F2A /* FSCalendarWeekdayView.m */; };
		9582E96722928DCE00BD3F2A /* FSCalendarSeparatorDecorationView.m in Sources */ = {isa = PBXBuildFile; fileRef = 9582E94E22928DCE00BD3F2A /* FSCalendarSeparatorDecorationView.m */; };
		9582E96822928DCE00BD3F2A /* FSCalendarExtensions.m in Sources */ = {isa = PBXBuildFile; fileRef = 9582E95022928DCE00BD3F2A /* FSCalendarExtensions.m */; };
		9582E96922928DCE00BD3F2A /* FSCalendarConstants.m in Sources */ = {isa = PBXBuildFile; fileRef = 9582E95222928DCE00BD3F2A /* FSCalendarConstants.m */; };
		9582E96A22928DCE00BD3F2A /* FSCalendarCalculator.m in Sources */ = {isa = PBXBuildFile; fileRef = 9582E95322928DCE00BD3F2A /* FSCalendarCalculator.m */; };
		9582E96B22928DCE00BD3F2A /* FSCalendarHeaderView.m in Sources */ = {isa = PBXBuildFile; fileRef = 9582E95422928DCE00BD3F2A /* FSCalendarHeaderView.m */; };
		9582E96C22928DCE00BD3F2A /* FSCalendarTransitionCoordinator.m in Sources */ = {isa = PBXBuildFile; fileRef = 9582E95822928DCE00BD3F2A /* FSCalendarTransitionCoordinator.m */; };
		9582E96E22928DCE00BD3F2A /* FSCalendarAppearance.m in Sources */ = {isa = PBXBuildFile; fileRef = 9582E95A22928DCE00BD3F2A /* FSCalendarAppearance.m */; };
		9582E96F22928DCE00BD3F2A /* OAuthSample.m in Sources */ = {isa = PBXBuildFile; fileRef = 9582E95C22928DCE00BD3F2A /* OAuthSample.m */; };
		9582E97022928DCE00BD3F2A /* OpenAPI.framework in Frameworks */ = {isa = PBXBuildFile; fileRef = 9582E95D22928DCE00BD3F2A /* OpenAPI.framework */; };
		9582E97122928DCE00BD3F2A /* OpenAPI_SDK_FW.framework in Frameworks */ = {isa = PBXBuildFile; fileRef = 9582E95E22928DCE00BD3F2A /* OpenAPI_SDK_FW.framework */; };
		9582E97522928FCB00BD3F2A /* FSCalendarScopeViewController.swift in Sources */ = {isa = PBXBuildFile; fileRef = 9582E97422928FCB00BD3F2A /* FSCalendarScopeViewController.swift */; };
		9582E97722928FFD00BD3F2A /* DataCenter.swift in Sources */ = {isa = PBXBuildFile; fileRef = 9582E97622928FFD00BD3F2A /* DataCenter.swift */; };
		95BCE7B22296CBD8000B0690 /* AddTodoViewController.swift in Sources */ = {isa = PBXBuildFile; fileRef = 95BCE7B12296CBD8000B0690 /* AddTodoViewController.swift */; };
		AA1A6ECB2296F2DC00E0BD69 /* OpenAPI.framework in Frameworks */ = {isa = PBXBuildFile; fileRef = AA1A6ECA2296F2DC00E0BD69 /* OpenAPI.framework */; };
		FA8AB6EE19030A3129480C20 /* Pods_UniAlarmee.framework in Frameworks */ = {isa = PBXBuildFile; fileRef = 473A5E84B4E92A8E9F5F47F1 /* Pods_UniAlarmee.framework */; };
/* End PBXBuildFile section */

/* Begin PBXContainerItemProxy section */
		9582E91D22928D7B00BD3F2A /* PBXContainerItemProxy */ = {
			isa = PBXContainerItemProxy;
			containerPortal = 9582E90022928D7900BD3F2A /* Project object */;
			proxyType = 1;
			remoteGlobalIDString = 9582E90722928D7A00BD3F2A;
			remoteInfo = UniAlarmee;
		};
		9582E92822928D7B00BD3F2A /* PBXContainerItemProxy */ = {
			isa = PBXContainerItemProxy;
			containerPortal = 9582E90022928D7900BD3F2A /* Project object */;
			proxyType = 1;
			remoteGlobalIDString = 9582E90722928D7A00BD3F2A;
			remoteInfo = UniAlarmee;
		};
		9582E9C02292C83600BD3F2A /* PBXContainerItemProxy */ = {
			isa = PBXContainerItemProxy;
			containerPortal = 9582E9B92292C83600BD3F2A /* SnapKit.xcodeproj */;
			proxyType = 2;
			remoteGlobalIDString = EEBCC9D819CC627D0083B827;
			remoteInfo = SnapKit;
		};
		9582E9C22292C83600BD3F2A /* PBXContainerItemProxy */ = {
			isa = PBXContainerItemProxy;
			containerPortal = 9582E9B92292C83600BD3F2A /* SnapKit.xcodeproj */;
			proxyType = 2;
			remoteGlobalIDString = EEBCC9E219CC627E0083B827;
			remoteInfo = "SnapKit Tests";
		};
/* End PBXContainerItemProxy section */

/* Begin PBXFileReference section */
		0790CEF517F0FAEC01D8B3AD /* Pods-UniAlarmee-UniAlarmeeTests.debug.xcconfig */ = {isa = PBXFileReference; includeInIndex = 1; lastKnownFileType = text.xcconfig; name = "Pods-UniAlarmee-UniAlarmeeTests.debug.xcconfig"; path = "Target Support Files/Pods-UniAlarmee-UniAlarmeeTests/Pods-UniAlarmee-UniAlarmeeTests.debug.xcconfig"; sourceTree = "<group>"; };
		335662C517E06B77EDDF8B23 /* Pods_UniAlarmeeUITests.framework */ = {isa = PBXFileReference; explicitFileType = wrapper.framework; includeInIndex = 0; path = Pods_UniAlarmeeUITests.framework; sourceTree = BUILT_PRODUCTS_DIR; };
		335E8E3D9DFFD9E4E5A5097A /* Pods-UniAlarmee.release.xcconfig */ = {isa = PBXFileReference; includeInIndex = 1; lastKnownFileType = text.xcconfig; name = "Pods-UniAlarmee.release.xcconfig"; path = "Target Support Files/Pods-UniAlarmee/Pods-UniAlarmee.release.xcconfig"; sourceTree = "<group>"; };
		3579B1E0E50BB2EDAEB85F96 /* Pods-UniAlarmeeUITests.release.xcconfig */ = {isa = PBXFileReference; includeInIndex = 1; lastKnownFileType = text.xcconfig; name = "Pods-UniAlarmeeUITests.release.xcconfig"; path = "Target Support Files/Pods-UniAlarmeeUITests/Pods-UniAlarmeeUITests.release.xcconfig"; sourceTree = "<group>"; };
		473A5E84B4E92A8E9F5F47F1 /* Pods_UniAlarmee.framework */ = {isa = PBXFileReference; explicitFileType = wrapper.framework; includeInIndex = 0; path = Pods_UniAlarmee.framework; sourceTree = BUILT_PRODUCTS_DIR; };
		4E56F49622B2438800C9A1A2 /* Calendar.storyboard */ = {isa = PBXFileReference; lastKnownFileType = file.storyboard; path = Calendar.storyboard; sourceTree = "<group>"; };
		4E56F49822B2449800C9A1A2 /* WebViewController.swift */ = {isa = PBXFileReference; lastKnownFileType = sourcecode.swift; path = WebViewController.swift; sourceTree = "<group>"; };
		4E80EDBE22B25D80009DAC16 /* vc.swift */ = {isa = PBXFileReference; lastKnownFileType = sourcecode.swift; path = vc.swift; sourceTree = "<group>"; };
		4EA1E6C722B38D7A00D0B985 /* SettingViewController.swift */ = {isa = PBXFileReference; lastKnownFileType = sourcecode.swift; path = SettingViewController.swift; sourceTree = "<group>"; };
		4EA1E6C922B399C200D0B985 /* List.storyboard */ = {isa = PBXFileReference; lastKnownFileType = file.storyboard; path = List.storyboard; sourceTree = "<group>"; };
		4EA1E6CB22B39A8A00D0B985 /* ListViewController.swift */ = {isa = PBXFileReference; lastKnownFileType = sourcecode.swift; path = ListViewController.swift; sourceTree = "<group>"; };
		4EE8A00B22B23B9C00B2C810 /* AddToDo.storyboard */ = {isa = PBXFileReference; lastKnownFileType = file.storyboard; path = AddToDo.storyboard; sourceTree = "<group>"; };
		8676198415266AC6B955611E /* Pods_UniAlarmee_UniAlarmeeTests.framework */ = {isa = PBXFileReference; explicitFileType = wrapper.framework; includeInIndex = 0; path = Pods_UniAlarmee_UniAlarmeeTests.framework; sourceTree = BUILT_PRODUCTS_DIR; };
		9582E90822928D7A00BD3F2A /* UniAlarmee.app */ = {isa = PBXFileReference; explicitFileType = wrapper.application; includeInIndex = 0; path = UniAlarmee.app; sourceTree = BUILT_PRODUCTS_DIR; };
		9582E90B22928D7A00BD3F2A /* AppDelegate.swift */ = {isa = PBXFileReference; lastKnownFileType = sourcecode.swift; path = AppDelegate.swift; sourceTree = "<group>"; };
		9582E90D22928D7A00BD3F2A /* ViewController.swift */ = {isa = PBXFileReference; lastKnownFileType = sourcecode.swift; path = ViewController.swift; sourceTree = "<group>"; };
		9582E91022928D7A00BD3F2A /* Base */ = {isa = PBXFileReference; lastKnownFileType = file.storyboard; name = Base; path = Base.lproj/Main.storyboard; sourceTree = "<group>"; };
		9582E91222928D7B00BD3F2A /* Assets.xcassets */ = {isa = PBXFileReference; lastKnownFileType = folder.assetcatalog; path = Assets.xcassets; sourceTree = "<group>"; };
		9582E91522928D7B00BD3F2A /* Base */ = {isa = PBXFileReference; lastKnownFileType = file.storyboard; name = Base; path = Base.lproj/LaunchScreen.storyboard; sourceTree = "<group>"; };
		9582E91722928D7B00BD3F2A /* Info.plist */ = {isa = PBXFileReference; lastKnownFileType = text.plist.xml; path = Info.plist; sourceTree = "<group>"; };
		9582E91C22928D7B00BD3F2A /* UniAlarmeeTests.xctest */ = {isa = PBXFileReference; explicitFileType = wrapper.cfbundle; includeInIndex = 0; path = UniAlarmeeTests.xctest; sourceTree = BUILT_PRODUCTS_DIR; };
		9582E92022928D7B00BD3F2A /* UniAlarmeeTests.swift */ = {isa = PBXFileReference; lastKnownFileType = sourcecode.swift; path = UniAlarmeeTests.swift; sourceTree = "<group>"; };
		9582E92222928D7B00BD3F2A /* Info.plist */ = {isa = PBXFileReference; lastKnownFileType = text.plist.xml; path = Info.plist; sourceTree = "<group>"; };
		9582E92722928D7B00BD3F2A /* UniAlarmeeUITests.xctest */ = {isa = PBXFileReference; explicitFileType = wrapper.cfbundle; includeInIndex = 0; path = UniAlarmeeUITests.xctest; sourceTree = BUILT_PRODUCTS_DIR; };
		9582E92B22928D7B00BD3F2A /* UniAlarmeeUITests.swift */ = {isa = PBXFileReference; lastKnownFileType = sourcecode.swift; path = UniAlarmeeUITests.swift; sourceTree = "<group>"; };
		9582E92D22928D7B00BD3F2A /* Info.plist */ = {isa = PBXFileReference; lastKnownFileType = text.plist.xml; path = Info.plist; sourceTree = "<group>"; };
		9582E93B22928DCE00BD3F2A /* FSCalendarCollectionView.m */ = {isa = PBXFileReference; fileEncoding = 4; lastKnownFileType = sourcecode.c.objc; path = FSCalendarCollectionView.m; sourceTree = "<group>"; };
		9582E93C22928DCE00BD3F2A /* FSCalendarWeekdayView.h */ = {isa = PBXFileReference; fileEncoding = 4; lastKnownFileType = sourcecode.c.h; path = FSCalendarWeekdayView.h; sourceTree = "<group>"; };
		9582E93D22928DCE00BD3F2A /* FSCalendarCollectionViewLayout.h */ = {isa = PBXFileReference; fileEncoding = 4; lastKnownFileType = sourcecode.c.h; path = FSCalendarCollectionViewLayout.h; sourceTree = "<group>"; };
		9582E93E22928DCE00BD3F2A /* FSCalendarDelegationProxy.m */ = {isa = PBXFileReference; fileEncoding = 4; lastKnownFileType = sourcecode.c.objc; path = FSCalendarDelegationProxy.m; sourceTree = "<group>"; };
		9582E93F22928DCE00BD3F2A /* FSCalendarExtensions.h */ = {isa = PBXFileReference; fileEncoding = 4; lastKnownFileType = sourcecode.c.h; path = FSCalendarExtensions.h; sourceTree = "<group>"; };
		9582E94022928DCE00BD3F2A /* FSCalendarDelegationFactory.m */ = {isa = PBXFileReference; fileEncoding = 4; lastKnownFileType = sourcecode.c.objc; path = FSCalendarDelegationFactory.m; sourceTree = "<group>"; };
		9582E94122928DCE00BD3F2A /* FSCalendarSeparatorDecorationView.h */ = {isa = PBXFileReference; fileEncoding = 4; lastKnownFileType = sourcecode.c.h; path = FSCalendarSeparatorDecorationView.h; sourceTree = "<group>"; };
		9582E94222928DCE00BD3F2A /* FSCalendarCalculator.h */ = {isa = PBXFileReference; fileEncoding = 4; lastKnownFileType = sourcecode.c.h; path = FSCalendarCalculator.h; sourceTree = "<group>"; };
		9582E94322928DCE00BD3F2A /* FSCalendarHeaderView.h */ = {isa = PBXFileReference; fileEncoding = 4; lastKnownFileType = sourcecode.c.h; path = FSCalendarHeaderView.h; sourceTree = "<group>"; };
		9582E94422928DCE00BD3F2A /* FSCalendarConstants.h */ = {isa = PBXFileReference; fileEncoding = 4; lastKnownFileType = sourcecode.c.h; path = FSCalendarConstants.h; sourceTree = "<group>"; };
		9582E94522928DCE00BD3F2A /* FSCalendarAppearance.h */ = {isa = PBXFileReference; fileEncoding = 4; lastKnownFileType = sourcecode.c.h; path = FSCalendarAppearance.h; sourceTree = "<group>"; };
		9582E94622928DCE00BD3F2A /* FSCalendarTransitionCoordinator.h */ = {isa = PBXFileReference; fileEncoding = 4; lastKnownFileType = sourcecode.c.h; path = FSCalendarTransitionCoordinator.h; sourceTree = "<group>"; };
		9582E94722928DCE00BD3F2A /* FSCalendarCell.m */ = {isa = PBXFileReference; fileEncoding = 4; lastKnownFileType = sourcecode.c.objc; path = FSCalendarCell.m; sourceTree = "<group>"; };
		9582E94822928DCE00BD3F2A /* FSCalendarStickyHeader.m */ = {isa = PBXFileReference; fileEncoding = 4; lastKnownFileType = sourcecode.c.objc; path = FSCalendarStickyHeader.m; sourceTree = "<group>"; };
		9582E94922928DCE00BD3F2A /* FSCalendar.m */ = {isa = PBXFileReference; fileEncoding = 4; lastKnownFileType = sourcecode.c.objc; path = FSCalendar.m; sourceTree = "<group>"; };
		9582E94A22928DCE00BD3F2A /* FSCalendarCollectionViewLayout.m */ = {isa = PBXFileReference; fileEncoding = 4; lastKnownFileType = sourcecode.c.objc; path = FSCalendarCollectionViewLayout.m; sourceTree = "<group>"; };
		9582E94B22928DCE00BD3F2A /* FSCalendarWeekdayView.m */ = {isa = PBXFileReference; fileEncoding = 4; lastKnownFileType = sourcecode.c.objc; path = FSCalendarWeekdayView.m; sourceTree = "<group>"; };
		9582E94C22928DCE00BD3F2A /* FSCalendarCollectionView.h */ = {isa = PBXFileReference; fileEncoding = 4; lastKnownFileType = sourcecode.c.h; path = FSCalendarCollectionView.h; sourceTree = "<group>"; };
		9582E94D22928DCE00BD3F2A /* FSCalendarDynamicHeader.h */ = {isa = PBXFileReference; fileEncoding = 4; lastKnownFileType = sourcecode.c.h; path = FSCalendarDynamicHeader.h; sourceTree = "<group>"; };
		9582E94E22928DCE00BD3F2A /* FSCalendarSeparatorDecorationView.m */ = {isa = PBXFileReference; fileEncoding = 4; lastKnownFileType = sourcecode.c.objc; path = FSCalendarSeparatorDecorationView.m; sourceTree = "<group>"; };
		9582E94F22928DCE00BD3F2A /* FSCalendarDelegationFactory.h */ = {isa = PBXFileReference; fileEncoding = 4; lastKnownFileType = sourcecode.c.h; path = FSCalendarDelegationFactory.h; sourceTree = "<group>"; };
		9582E95022928DCE00BD3F2A /* FSCalendarExtensions.m */ = {isa = PBXFileReference; fileEncoding = 4; lastKnownFileType = sourcecode.c.objc; path = FSCalendarExtensions.m; sourceTree = "<group>"; };
		9582E95122928DCE00BD3F2A /* FSCalendarDelegationProxy.h */ = {isa = PBXFileReference; fileEncoding = 4; lastKnownFileType = sourcecode.c.h; path = FSCalendarDelegationProxy.h; sourceTree = "<group>"; };
		9582E95222928DCE00BD3F2A /* FSCalendarConstants.m */ = {isa = PBXFileReference; fileEncoding = 4; lastKnownFileType = sourcecode.c.objc; path = FSCalendarConstants.m; sourceTree = "<group>"; };
		9582E95322928DCE00BD3F2A /* FSCalendarCalculator.m */ = {isa = PBXFileReference; fileEncoding = 4; lastKnownFileType = sourcecode.c.objc; path = FSCalendarCalculator.m; sourceTree = "<group>"; };
		9582E95422928DCE00BD3F2A /* FSCalendarHeaderView.m */ = {isa = PBXFileReference; fileEncoding = 4; lastKnownFileType = sourcecode.c.objc; path = FSCalendarHeaderView.m; sourceTree = "<group>"; };
		9582E95522928DCE00BD3F2A /* FSCalendarStickyHeader.h */ = {isa = PBXFileReference; fileEncoding = 4; lastKnownFileType = sourcecode.c.h; path = FSCalendarStickyHeader.h; sourceTree = "<group>"; };
		9582E95622928DCE00BD3F2A /* FSCalendar.h */ = {isa = PBXFileReference; fileEncoding = 4; lastKnownFileType = sourcecode.c.h; path = FSCalendar.h; sourceTree = "<group>"; };
		9582E95722928DCE00BD3F2A /* FSCalendarCell.h */ = {isa = PBXFileReference; fileEncoding = 4; lastKnownFileType = sourcecode.c.h; path = FSCalendarCell.h; sourceTree = "<group>"; };
		9582E95822928DCE00BD3F2A /* FSCalendarTransitionCoordinator.m */ = {isa = PBXFileReference; fileEncoding = 4; lastKnownFileType = sourcecode.c.objc; path = FSCalendarTransitionCoordinator.m; sourceTree = "<group>"; };
		9582E95922928DCE00BD3F2A /* Info.plist */ = {isa = PBXFileReference; fileEncoding = 4; lastKnownFileType = text.plist.xml; path = Info.plist; sourceTree = "<group>"; };
		9582E95A22928DCE00BD3F2A /* FSCalendarAppearance.m */ = {isa = PBXFileReference; fileEncoding = 4; lastKnownFileType = sourcecode.c.objc; path = FSCalendarAppearance.m; sourceTree = "<group>"; };
		9582E95C22928DCE00BD3F2A /* OAuthSample.m */ = {isa = PBXFileReference; fileEncoding = 4; lastKnownFileType = sourcecode.c.objc; path = OAuthSample.m; sourceTree = "<group>"; };
		9582E95D22928DCE00BD3F2A /* OpenAPI.framework */ = {isa = PBXFileReference; lastKnownFileType = wrapper.framework; path = OpenAPI.framework; sourceTree = "<group>"; };
		9582E95E22928DCE00BD3F2A /* OpenAPI_SDK_FW.framework */ = {isa = PBXFileReference; lastKnownFileType = wrapper.framework; path = OpenAPI_SDK_FW.framework; sourceTree = "<group>"; };
		9582E97322928E8300BD3F2A /* UniAlarmee-Bridging-Header.h */ = {isa = PBXFileReference; lastKnownFileType = sourcecode.c.h; path = "UniAlarmee-Bridging-Header.h"; sourceTree = "<group>"; };
		9582E97422928FCB00BD3F2A /* FSCalendarScopeViewController.swift */ = {isa = PBXFileReference; fileEncoding = 4; lastKnownFileType = sourcecode.swift; path = FSCalendarScopeViewController.swift; sourceTree = "<group>"; };
		9582E97622928FFD00BD3F2A /* DataCenter.swift */ = {isa = PBXFileReference; fileEncoding = 4; lastKnownFileType = sourcecode.swift; path = DataCenter.swift; sourceTree = "<group>"; };
		9582E97B2292C83600BD3F2A /* SnapKit 3.0 Migration Guide.md */ = {isa = PBXFileReference; lastKnownFileType = net.daringfireball.markdown; path = "SnapKit 3.0 Migration Guide.md"; sourceTree = "<group>"; };
		9582E97D2292C83600BD3F2A /* ListViewController.swift */ = {isa = PBXFileReference; lastKnownFileType = sourcecode.swift; path = ListViewController.swift; sourceTree = "<group>"; };
		9582E97E2292C83600BD3F2A /* Assets.xcassets */ = {isa = PBXFileReference; lastKnownFileType = folder.assetcatalog; path = Assets.xcassets; sourceTree = "<group>"; };
		9582E9802292C83600BD3F2A /* Base */ = {isa = PBXFileReference; lastKnownFileType = file.storyboard; name = Base; path = Base.lproj/LaunchScreen.storyboard; sourceTree = "<group>"; };
		9582E9812292C83600BD3F2A /* AppDelegate.swift */ = {isa = PBXFileReference; lastKnownFileType = sourcecode.swift; path = AppDelegate.swift; sourceTree = "<group>"; };
		9582E9832292C83600BD3F2A /* SimpleLayoutViewController.swift */ = {isa = PBXFileReference; lastKnownFileType = sourcecode.swift; path = SimpleLayoutViewController.swift; sourceTree = "<group>"; };
		9582E9842292C83600BD3F2A /* BasicUIScrollViewController.swift */ = {isa = PBXFileReference; lastKnownFileType = sourcecode.swift; path = BasicUIScrollViewController.swift; sourceTree = "<group>"; };
		9582E9852292C83600BD3F2A /* Info.plist */ = {isa = PBXFileReference; lastKnownFileType = text.plist.xml; path = Info.plist; sourceTree = "<group>"; };
		9582E9862292C83600BD3F2A /* LICENSE */ = {isa = PBXFileReference; lastKnownFileType = text; path = LICENSE; sourceTree = "<group>"; };
		9582E9882292C83600BD3F2A /* ConstraintMultiplierTarget.swift */ = {isa = PBXFileReference; lastKnownFileType = sourcecode.swift; path = ConstraintMultiplierTarget.swift; sourceTree = "<group>"; };
		9582E9892292C83600BD3F2A /* LayoutConstraintItem.swift */ = {isa = PBXFileReference; lastKnownFileType = sourcecode.swift; path = LayoutConstraintItem.swift; sourceTree = "<group>"; };
		9582E98A2292C83600BD3F2A /* ConstraintDescription.swift */ = {isa = PBXFileReference; lastKnownFileType = sourcecode.swift; path = ConstraintDescription.swift; sourceTree = "<group>"; };
		9582E98B2292C83600BD3F2A /* ConstraintMakerPriortizable.swift */ = {isa = PBXFileReference; lastKnownFileType = sourcecode.swift; path = ConstraintMakerPriortizable.swift; sourceTree = "<group>"; };
		9582E98C2292C83600BD3F2A /* ConstraintAttributes.swift */ = {isa = PBXFileReference; lastKnownFileType = sourcecode.swift; path = ConstraintAttributes.swift; sourceTree = "<group>"; };
		9582E98D2292C83600BD3F2A /* ConstraintViewDSL.swift */ = {isa = PBXFileReference; lastKnownFileType = sourcecode.swift; path = ConstraintViewDSL.swift; sourceTree = "<group>"; };
		9582E98E2292C83600BD3F2A /* ConstraintPriorityTarget.swift */ = {isa = PBXFileReference; lastKnownFileType = sourcecode.swift; path = ConstraintPriorityTarget.swift; sourceTree = "<group>"; };
		9582E98F2292C83600BD3F2A /* ConstraintInsets.swift */ = {isa = PBXFileReference; lastKnownFileType = sourcecode.swift; path = ConstraintInsets.swift; sourceTree = "<group>"; };
		9582E9902292C83600BD3F2A /* ConstraintMakerFinalizable.swift */ = {isa = PBXFileReference; lastKnownFileType = sourcecode.swift; path = ConstraintMakerFinalizable.swift; sourceTree = "<group>"; };
		9582E9912292C83600BD3F2A /* ConstraintDSL.swift */ = {isa = PBXFileReference; lastKnownFileType = sourcecode.swift; path = ConstraintDSL.swift; sourceTree = "<group>"; };
		9582E9922292C83600BD3F2A /* ConstraintMakerExtendable.swift */ = {isa = PBXFileReference; lastKnownFileType = sourcecode.swift; path = ConstraintMakerExtendable.swift; sourceTree = "<group>"; };
		9582E9932292C83600BD3F2A /* ConstraintPriority.swift */ = {isa = PBXFileReference; lastKnownFileType = sourcecode.swift; path = ConstraintPriority.swift; sourceTree = "<group>"; };
		9582E9942292C83600BD3F2A /* ConstraintInsetTarget.swift */ = {isa = PBXFileReference; lastKnownFileType = sourcecode.swift; path = ConstraintInsetTarget.swift; sourceTree = "<group>"; };
		9582E9952292C83600BD3F2A /* SnapKit.h */ = {isa = PBXFileReference; lastKnownFileType = sourcecode.c.h; path = SnapKit.h; sourceTree = "<group>"; };
		9582E9962292C83600BD3F2A /* ConstraintConfig.swift */ = {isa = PBXFileReference; lastKnownFileType = sourcecode.swift; path = ConstraintConfig.swift; sourceTree = "<group>"; };
		9582E9972292C83600BD3F2A /* UILayoutSupport+Extensions.swift */ = {isa = PBXFileReference; lastKnownFileType = sourcecode.swift; path = "UILayoutSupport+Extensions.swift"; sourceTree = "<group>"; };
		9582E9982292C83600BD3F2A /* ConstraintView.swift */ = {isa = PBXFileReference; lastKnownFileType = sourcecode.swift; path = ConstraintView.swift; sourceTree = "<group>"; };
		9582E9992292C83600BD3F2A /* ConstraintLayoutGuide.swift */ = {isa = PBXFileReference; lastKnownFileType = sourcecode.swift; path = ConstraintLayoutGuide.swift; sourceTree = "<group>"; };
		9582E99A2292C83600BD3F2A /* ConstraintLayoutSupport.swift */ = {isa = PBXFileReference; lastKnownFileType = sourcecode.swift; path = ConstraintLayoutSupport.swift; sourceTree = "<group>"; };
		9582E99B2292C83600BD3F2A /* Typealiases.swift */ = {isa = PBXFileReference; lastKnownFileType = sourcecode.swift; path = Typealiases.swift; sourceTree = "<group>"; };
		9582E99C2292C83600BD3F2A /* ConstraintConstantTarget.swift */ = {isa = PBXFileReference; lastKnownFileType = sourcecode.swift; path = ConstraintConstantTarget.swift; sourceTree = "<group>"; };
		9582E99D2292C83600BD3F2A /* ConstraintOffsetTarget.swift */ = {isa = PBXFileReference; lastKnownFileType = sourcecode.swift; path = ConstraintOffsetTarget.swift; sourceTree = "<group>"; };
		9582E99E2292C83600BD3F2A /* ConstraintMakerEditable.swift */ = {isa = PBXFileReference; lastKnownFileType = sourcecode.swift; path = ConstraintMakerEditable.swift; sourceTree = "<group>"; };
		9582E99F2292C83600BD3F2A /* ConstraintMaker.swift */ = {isa = PBXFileReference; lastKnownFileType = sourcecode.swift; path = ConstraintMaker.swift; sourceTree = "<group>"; };
		9582E9A02292C83600BD3F2A /* ConstraintRelation.swift */ = {isa = PBXFileReference; lastKnownFileType = sourcecode.swift; path = ConstraintRelation.swift; sourceTree = "<group>"; };
		9582E9A12292C83600BD3F2A /* ConstraintLayoutGuideDSL.swift */ = {isa = PBXFileReference; lastKnownFileType = sourcecode.swift; path = ConstraintLayoutGuideDSL.swift; sourceTree = "<group>"; };
		9582E9A22292C83600BD3F2A /* ConstraintView+Extensions.swift */ = {isa = PBXFileReference; lastKnownFileType = sourcecode.swift; path = "ConstraintView+Extensions.swift"; sourceTree = "<group>"; };
		9582E9A32292C83600BD3F2A /* ConstraintItem.swift */ = {isa = PBXFileReference; lastKnownFileType = sourcecode.swift; path = ConstraintItem.swift; sourceTree = "<group>"; };
		9582E9A42292C83600BD3F2A /* Constraint.swift */ = {isa = PBXFileReference; lastKnownFileType = sourcecode.swift; path = Constraint.swift; sourceTree = "<group>"; };
		9582E9A52292C83600BD3F2A /* Debugging.swift */ = {isa = PBXFileReference; lastKnownFileType = sourcecode.swift; path = Debugging.swift; sourceTree = "<group>"; };
		9582E9A62292C83600BD3F2A /* ConstraintRelatableTarget.swift */ = {isa = PBXFileReference; lastKnownFileType = sourcecode.swift; path = ConstraintRelatableTarget.swift; sourceTree = "<group>"; };
		9582E9A72292C83600BD3F2A /* Info.plist */ = {isa = PBXFileReference; lastKnownFileType = text.plist.xml; path = Info.plist; sourceTree = "<group>"; };
		9582E9A82292C83600BD3F2A /* LayoutConstraint.swift */ = {isa = PBXFileReference; lastKnownFileType = sourcecode.swift; path = LayoutConstraint.swift; sourceTree = "<group>"; };
		9582E9A92292C83600BD3F2A /* ConstraintLayoutGuide+Extensions.swift */ = {isa = PBXFileReference; lastKnownFileType = sourcecode.swift; path = "ConstraintLayoutGuide+Extensions.swift"; sourceTree = "<group>"; };
		9582E9AA2292C83600BD3F2A /* ConstraintLayoutSupportDSL.swift */ = {isa = PBXFileReference; lastKnownFileType = sourcecode.swift; path = ConstraintLayoutSupportDSL.swift; sourceTree = "<group>"; };
		9582E9AB2292C83600BD3F2A /* ConstraintMakerRelatable.swift */ = {isa = PBXFileReference; lastKnownFileType = sourcecode.swift; path = ConstraintMakerRelatable.swift; sourceTree = "<group>"; };
		9582E9AE2292C83600BD3F2A /* Tests.swift */ = {isa = PBXFileReference; lastKnownFileType = sourcecode.swift; path = Tests.swift; sourceTree = "<group>"; };
		9582E9AF2292C83600BD3F2A /* Info.plist */ = {isa = PBXFileReference; lastKnownFileType = text.plist.xml; path = Info.plist; sourceTree = "<group>"; };
		9582E9B12292C83600BD3F2A /* SnapKit Constraint Remake.codesnippet */ = {isa = PBXFileReference; lastKnownFileType = text.xml; path = "SnapKit Constraint Remake.codesnippet"; sourceTree = "<group>"; };
		9582E9B22292C83600BD3F2A /* SnapKit Constraint Make.codesnippet */ = {isa = PBXFileReference; lastKnownFileType = text.xml; path = "SnapKit Constraint Make.codesnippet"; sourceTree = "<group>"; };
		9582E9B32292C83600BD3F2A /* README.md */ = {isa = PBXFileReference; lastKnownFileType = net.daringfireball.markdown; path = README.md; sourceTree = "<group>"; };
		9582E9B42292C83600BD3F2A /* ISSUE_TEMPLATE.md */ = {isa = PBXFileReference; lastKnownFileType = net.daringfireball.markdown; path = ISSUE_TEMPLATE.md; sourceTree = "<group>"; };
		9582E9B52292C83600BD3F2A /* .gitignore */ = {isa = PBXFileReference; lastKnownFileType = text; path = .gitignore; sourceTree = "<group>"; };
		9582E9B62292C83600BD3F2A /* SnapKit.podspec */ = {isa = PBXFileReference; lastKnownFileType = text; path = SnapKit.podspec; sourceTree = "<group>"; };
		9582E9B72292C83600BD3F2A /* CONTRIBUTING.md */ = {isa = PBXFileReference; lastKnownFileType = net.daringfireball.markdown; path = CONTRIBUTING.md; sourceTree = "<group>"; };
		9582E9B82292C83600BD3F2A /* Package.swift */ = {isa = PBXFileReference; lastKnownFileType = sourcecode.swift; path = Package.swift; sourceTree = "<group>"; };
		9582E9B92292C83600BD3F2A /* SnapKit.xcodeproj */ = {isa = PBXFileReference; lastKnownFileType = "wrapper.pb-project"; path = SnapKit.xcodeproj; sourceTree = "<group>"; };
		9582E9BC2292C83600BD3F2A /* SnapKit.xcworkspace */ = {isa = PBXFileReference; lastKnownFileType = wrapper.workspace; path = SnapKit.xcworkspace; sourceTree = "<group>"; };
		9582E9BD2292C83600BD3F2A /* .travis.yml */ = {isa = PBXFileReference; lastKnownFileType = text; path = .travis.yml; sourceTree = "<group>"; };
		95BCE7B12296CBD8000B0690 /* AddTodoViewController.swift */ = {isa = PBXFileReference; lastKnownFileType = sourcecode.swift; path = AddTodoViewController.swift; sourceTree = "<group>"; };
		AA1A6EC92296F2CE00E0BD69 /* Briging-Header.h */ = {isa = PBXFileReference; lastKnownFileType = sourcecode.c.h; path = "Briging-Header.h"; sourceTree = "<group>"; };
		AA1A6ECA2296F2DC00E0BD69 /* OpenAPI.framework */ = {isa = PBXFileReference; lastKnownFileType = wrapper.framework; path = OpenAPI.framework; sourceTree = "<group>"; };
		CF90D35CD2425CA0F8516849 /* Pods-UniAlarmee.debug.xcconfig */ = {isa = PBXFileReference; includeInIndex = 1; lastKnownFileType = text.xcconfig; name = "Pods-UniAlarmee.debug.xcconfig"; path = "Target Support Files/Pods-UniAlarmee/Pods-UniAlarmee.debug.xcconfig"; sourceTree = "<group>"; };
		D216C155EF6BBB7733CA4521 /* Pods-UniAlarmee-UniAlarmeeTests.release.xcconfig */ = {isa = PBXFileReference; includeInIndex = 1; lastKnownFileType = text.xcconfig; name = "Pods-UniAlarmee-UniAlarmeeTests.release.xcconfig"; path = "Target Support Files/Pods-UniAlarmee-UniAlarmeeTests/Pods-UniAlarmee-UniAlarmeeTests.release.xcconfig"; sourceTree = "<group>"; };
		E4270A31805AC027983B3B75 /* Pods-UniAlarmeeUITests.debug.xcconfig */ = {isa = PBXFileReference; includeInIndex = 1; lastKnownFileType = text.xcconfig; name = "Pods-UniAlarmeeUITests.debug.xcconfig"; path = "Target Support Files/Pods-UniAlarmeeUITests/Pods-UniAlarmeeUITests.debug.xcconfig"; sourceTree = "<group>"; };
/* End PBXFileReference section */

/* Begin PBXFrameworksBuildPhase section */
		9582E90522928D7A00BD3F2A /* Frameworks */ = {
			isa = PBXFrameworksBuildPhase;
			buildActionMask = 2147483647;
			files = (
				9582E97022928DCE00BD3F2A /* OpenAPI.framework in Frameworks */,
				AA1A6ECB2296F2DC00E0BD69 /* OpenAPI.framework in Frameworks */,
				9582E97122928DCE00BD3F2A /* OpenAPI_SDK_FW.framework in Frameworks */,
				FA8AB6EE19030A3129480C20 /* Pods_UniAlarmee.framework in Frameworks */,
			);
			runOnlyForDeploymentPostprocessing = 0;
		};
		9582E91922928D7B00BD3F2A /* Frameworks */ = {
			isa = PBXFrameworksBuildPhase;
			buildActionMask = 2147483647;
			files = (
				87830BA841FB84C2EA69D061 /* Pods_UniAlarmee_UniAlarmeeTests.framework in Frameworks */,
			);
			runOnlyForDeploymentPostprocessing = 0;
		};
		9582E92422928D7B00BD3F2A /* Frameworks */ = {
			isa = PBXFrameworksBuildPhase;
			buildActionMask = 2147483647;
			files = (
				501E51897EDB5E7E70DEA4E9 /* Pods_UniAlarmeeUITests.framework in Frameworks */,
			);
			runOnlyForDeploymentPostprocessing = 0;
		};
/* End PBXFrameworksBuildPhase section */

/* Begin PBXGroup section */
		3AB72CAFDDDD339AD0F19171 /* Pods */ = {
			isa = PBXGroup;
			children = (
				CF90D35CD2425CA0F8516849 /* Pods-UniAlarmee.debug.xcconfig */,
				335E8E3D9DFFD9E4E5A5097A /* Pods-UniAlarmee.release.xcconfig */,
				0790CEF517F0FAEC01D8B3AD /* Pods-UniAlarmee-UniAlarmeeTests.debug.xcconfig */,
				D216C155EF6BBB7733CA4521 /* Pods-UniAlarmee-UniAlarmeeTests.release.xcconfig */,
				E4270A31805AC027983B3B75 /* Pods-UniAlarmeeUITests.debug.xcconfig */,
				3579B1E0E50BB2EDAEB85F96 /* Pods-UniAlarmeeUITests.release.xcconfig */,
			);
			path = Pods;
			sourceTree = "<group>";
		};
		9582E8FF22928D7900BD3F2A = {
			isa = PBXGroup;
			children = (
				9582E97322928E8300BD3F2A /* UniAlarmee-Bridging-Header.h */,
				9582E93922928DCE00BD3F2A /* Library */,
				9582E90A22928D7A00BD3F2A /* UniAlarmee */,
				9582E91F22928D7B00BD3F2A /* UniAlarmeeTests */,
				9582E92A22928D7B00BD3F2A /* UniAlarmeeUITests */,
				9582E90922928D7A00BD3F2A /* Products */,
				9582E9782292C83500BD3F2A /* Frameworks */,
				3AB72CAFDDDD339AD0F19171 /* Pods */,
			);
			sourceTree = "<group>";
		};
		9582E90922928D7A00BD3F2A /* Products */ = {
			isa = PBXGroup;
			children = (
				9582E90822928D7A00BD3F2A /* UniAlarmee.app */,
				9582E91C22928D7B00BD3F2A /* UniAlarmeeTests.xctest */,
				9582E92722928D7B00BD3F2A /* UniAlarmeeUITests.xctest */,
			);
			name = Products;
			sourceTree = "<group>";
		};
		9582E90A22928D7A00BD3F2A /* UniAlarmee */ = {
			isa = PBXGroup;
			children = (
				AA1A6ECA2296F2DC00E0BD69 /* OpenAPI.framework */,
				AA1A6EC92296F2CE00E0BD69 /* Briging-Header.h */,
				9582E90B22928D7A00BD3F2A /* AppDelegate.swift */,
				9582E90D22928D7A00BD3F2A /* ViewController.swift */,
				9582E97422928FCB00BD3F2A /* FSCalendarScopeViewController.swift */,
				95BCE7B12296CBD8000B0690 /* AddTodoViewController.swift */,
				4E80EDBE22B25D80009DAC16 /* vc.swift */,
				4E56F49822B2449800C9A1A2 /* WebViewController.swift */,
				4EA1E6CB22B39A8A00D0B985 /* ListViewController.swift */,
				4EA1E6C722B38D7A00D0B985 /* SettingViewController.swift */,
				9582E90F22928D7A00BD3F2A /* Main.storyboard */,
				4EA1E6C922B399C200D0B985 /* List.storyboard */,
				4E56F49622B2438800C9A1A2 /* Calendar.storyboard */,
				4EE8A00B22B23B9C00B2C810 /* AddToDo.storyboard */,
				9582E91422928D7B00BD3F2A /* LaunchScreen.storyboard */,
				9582E91222928D7B00BD3F2A /* Assets.xcassets */,
				9582E97622928FFD00BD3F2A /* DataCenter.swift */,
				9582E91722928D7B00BD3F2A /* Info.plist */,
			);
			path = UniAlarmee;
			sourceTree = "<group>";
		};
		9582E91F22928D7B00BD3F2A /* UniAlarmeeTests */ = {
			isa = PBXGroup;
			children = (
				9582E92022928D7B00BD3F2A /* UniAlarmeeTests.swift */,
				9582E92222928D7B00BD3F2A /* Info.plist */,
			);
			path = UniAlarmeeTests;
			sourceTree = "<group>";
		};
		9582E92A22928D7B00BD3F2A /* UniAlarmeeUITests */ = {
			isa = PBXGroup;
			children = (
				9582E92B22928D7B00BD3F2A /* UniAlarmeeUITests.swift */,
				9582E92D22928D7B00BD3F2A /* Info.plist */,
			);
			path = UniAlarmeeUITests;
			sourceTree = "<group>";
		};
		9582E93922928DCE00BD3F2A /* Library */ = {
			isa = PBXGroup;
			children = (
				9582E93A22928DCE00BD3F2A /* FSCalendar */,
				9582E95B22928DCE00BD3F2A /* OAuthSample */,
			);
			path = Library;
			sourceTree = "<group>";
		};
		9582E93A22928DCE00BD3F2A /* FSCalendar */ = {
			isa = PBXGroup;
			children = (
				9582E93B22928DCE00BD3F2A /* FSCalendarCollectionView.m */,
				9582E93C22928DCE00BD3F2A /* FSCalendarWeekdayView.h */,
				9582E93D22928DCE00BD3F2A /* FSCalendarCollectionViewLayout.h */,
				9582E93E22928DCE00BD3F2A /* FSCalendarDelegationProxy.m */,
				9582E93F22928DCE00BD3F2A /* FSCalendarExtensions.h */,
				9582E94022928DCE00BD3F2A /* FSCalendarDelegationFactory.m */,
				9582E94122928DCE00BD3F2A /* FSCalendarSeparatorDecorationView.h */,
				9582E94222928DCE00BD3F2A /* FSCalendarCalculator.h */,
				9582E94322928DCE00BD3F2A /* FSCalendarHeaderView.h */,
				9582E94422928DCE00BD3F2A /* FSCalendarConstants.h */,
				9582E94522928DCE00BD3F2A /* FSCalendarAppearance.h */,
				9582E94622928DCE00BD3F2A /* FSCalendarTransitionCoordinator.h */,
				9582E94722928DCE00BD3F2A /* FSCalendarCell.m */,
				9582E94822928DCE00BD3F2A /* FSCalendarStickyHeader.m */,
				9582E94922928DCE00BD3F2A /* FSCalendar.m */,
				9582E94A22928DCE00BD3F2A /* FSCalendarCollectionViewLayout.m */,
				9582E94B22928DCE00BD3F2A /* FSCalendarWeekdayView.m */,
				9582E94C22928DCE00BD3F2A /* FSCalendarCollectionView.h */,
				9582E94D22928DCE00BD3F2A /* FSCalendarDynamicHeader.h */,
				9582E94E22928DCE00BD3F2A /* FSCalendarSeparatorDecorationView.m */,
				9582E94F22928DCE00BD3F2A /* FSCalendarDelegationFactory.h */,
				9582E95022928DCE00BD3F2A /* FSCalendarExtensions.m */,
				9582E95122928DCE00BD3F2A /* FSCalendarDelegationProxy.h */,
				9582E95222928DCE00BD3F2A /* FSCalendarConstants.m */,
				9582E95322928DCE00BD3F2A /* FSCalendarCalculator.m */,
				9582E95422928DCE00BD3F2A /* FSCalendarHeaderView.m */,
				9582E95522928DCE00BD3F2A /* FSCalendarStickyHeader.h */,
				9582E95622928DCE00BD3F2A /* FSCalendar.h */,
				9582E95722928DCE00BD3F2A /* FSCalendarCell.h */,
				9582E95822928DCE00BD3F2A /* FSCalendarTransitionCoordinator.m */,
				9582E95922928DCE00BD3F2A /* Info.plist */,
				9582E95A22928DCE00BD3F2A /* FSCalendarAppearance.m */,
			);
			path = FSCalendar;
			sourceTree = "<group>";
		};
		9582E95B22928DCE00BD3F2A /* OAuthSample */ = {
			isa = PBXGroup;
			children = (
				9582E95C22928DCE00BD3F2A /* OAuthSample.m */,
				9582E95D22928DCE00BD3F2A /* OpenAPI.framework */,
				9582E95E22928DCE00BD3F2A /* OpenAPI_SDK_FW.framework */,
			);
			path = OAuthSample;
			sourceTree = "<group>";
		};
		9582E9782292C83500BD3F2A /* Frameworks */ = {
			isa = PBXGroup;
			children = (
				9582E9792292C83600BD3F2A /* SnapKit-develop */,
				473A5E84B4E92A8E9F5F47F1 /* Pods_UniAlarmee.framework */,
				8676198415266AC6B955611E /* Pods_UniAlarmee_UniAlarmeeTests.framework */,
				335662C517E06B77EDDF8B23 /* Pods_UniAlarmeeUITests.framework */,
			);
			name = Frameworks;
			sourceTree = "<group>";
		};
		9582E9792292C83600BD3F2A /* SnapKit-develop */ = {
			isa = PBXGroup;
			children = (
				9582E97A2292C83600BD3F2A /* Documentation */,
				9582E97C2292C83600BD3F2A /* Example-iOS */,
				9582E9862292C83600BD3F2A /* LICENSE */,
				9582E9872292C83600BD3F2A /* Source */,
				9582E9AC2292C83600BD3F2A /* Tests */,
				9582E9B02292C83600BD3F2A /* CodeSnippets */,
				9582E9B32292C83600BD3F2A /* README.md */,
				9582E9B42292C83600BD3F2A /* ISSUE_TEMPLATE.md */,
				9582E9B52292C83600BD3F2A /* .gitignore */,
				9582E9B62292C83600BD3F2A /* SnapKit.podspec */,
				9582E9B72292C83600BD3F2A /* CONTRIBUTING.md */,
				9582E9B82292C83600BD3F2A /* Package.swift */,
				9582E9B92292C83600BD3F2A /* SnapKit.xcodeproj */,
				9582E9BC2292C83600BD3F2A /* SnapKit.xcworkspace */,
				9582E9BD2292C83600BD3F2A /* .travis.yml */,
			);
			name = "SnapKit-develop";
			path = "../../../Downloads/SnapKit-develop";
			sourceTree = "<group>";
		};
		9582E97A2292C83600BD3F2A /* Documentation */ = {
			isa = PBXGroup;
			children = (
				9582E97B2292C83600BD3F2A /* SnapKit 3.0 Migration Guide.md */,
			);
			path = Documentation;
			sourceTree = "<group>";
		};
		9582E97C2292C83600BD3F2A /* Example-iOS */ = {
			isa = PBXGroup;
			children = (
				9582E97D2292C83600BD3F2A /* ListViewController.swift */,
				9582E97E2292C83600BD3F2A /* Assets.xcassets */,
				9582E97F2292C83600BD3F2A /* LaunchScreen.storyboard */,
				9582E9812292C83600BD3F2A /* AppDelegate.swift */,
				9582E9822292C83600BD3F2A /* demos */,
				9582E9852292C83600BD3F2A /* Info.plist */,
			);
			path = "Example-iOS";
			sourceTree = "<group>";
		};
		9582E9822292C83600BD3F2A /* demos */ = {
			isa = PBXGroup;
			children = (
				9582E9832292C83600BD3F2A /* SimpleLayoutViewController.swift */,
				9582E9842292C83600BD3F2A /* BasicUIScrollViewController.swift */,
			);
			path = demos;
			sourceTree = "<group>";
		};
		9582E9872292C83600BD3F2A /* Source */ = {
			isa = PBXGroup;
			children = (
				9582E9882292C83600BD3F2A /* ConstraintMultiplierTarget.swift */,
				9582E9892292C83600BD3F2A /* LayoutConstraintItem.swift */,
				9582E98A2292C83600BD3F2A /* ConstraintDescription.swift */,
				9582E98B2292C83600BD3F2A /* ConstraintMakerPriortizable.swift */,
				9582E98C2292C83600BD3F2A /* ConstraintAttributes.swift */,
				9582E98D2292C83600BD3F2A /* ConstraintViewDSL.swift */,
				9582E98E2292C83600BD3F2A /* ConstraintPriorityTarget.swift */,
				9582E98F2292C83600BD3F2A /* ConstraintInsets.swift */,
				9582E9902292C83600BD3F2A /* ConstraintMakerFinalizable.swift */,
				9582E9912292C83600BD3F2A /* ConstraintDSL.swift */,
				9582E9922292C83600BD3F2A /* ConstraintMakerExtendable.swift */,
				9582E9932292C83600BD3F2A /* ConstraintPriority.swift */,
				9582E9942292C83600BD3F2A /* ConstraintInsetTarget.swift */,
				9582E9952292C83600BD3F2A /* SnapKit.h */,
				9582E9962292C83600BD3F2A /* ConstraintConfig.swift */,
				9582E9972292C83600BD3F2A /* UILayoutSupport+Extensions.swift */,
				9582E9982292C83600BD3F2A /* ConstraintView.swift */,
				9582E9992292C83600BD3F2A /* ConstraintLayoutGuide.swift */,
				9582E99A2292C83600BD3F2A /* ConstraintLayoutSupport.swift */,
				9582E99B2292C83600BD3F2A /* Typealiases.swift */,
				9582E99C2292C83600BD3F2A /* ConstraintConstantTarget.swift */,
				9582E99D2292C83600BD3F2A /* ConstraintOffsetTarget.swift */,
				9582E99E2292C83600BD3F2A /* ConstraintMakerEditable.swift */,
				9582E99F2292C83600BD3F2A /* ConstraintMaker.swift */,
				9582E9A02292C83600BD3F2A /* ConstraintRelation.swift */,
				9582E9A12292C83600BD3F2A /* ConstraintLayoutGuideDSL.swift */,
				9582E9A22292C83600BD3F2A /* ConstraintView+Extensions.swift */,
				9582E9A32292C83600BD3F2A /* ConstraintItem.swift */,
				9582E9A42292C83600BD3F2A /* Constraint.swift */,
				9582E9A52292C83600BD3F2A /* Debugging.swift */,
				9582E9A62292C83600BD3F2A /* ConstraintRelatableTarget.swift */,
				9582E9A72292C83600BD3F2A /* Info.plist */,
				9582E9A82292C83600BD3F2A /* LayoutConstraint.swift */,
				9582E9A92292C83600BD3F2A /* ConstraintLayoutGuide+Extensions.swift */,
				9582E9AA2292C83600BD3F2A /* ConstraintLayoutSupportDSL.swift */,
				9582E9AB2292C83600BD3F2A /* ConstraintMakerRelatable.swift */,
			);
			path = Source;
			sourceTree = "<group>";
		};
		9582E9AC2292C83600BD3F2A /* Tests */ = {
			isa = PBXGroup;
			children = (
				9582E9AD2292C83600BD3F2A /* SnapKitTests */,
			);
			path = Tests;
			sourceTree = "<group>";
		};
		9582E9AD2292C83600BD3F2A /* SnapKitTests */ = {
			isa = PBXGroup;
			children = (
				9582E9AE2292C83600BD3F2A /* Tests.swift */,
				9582E9AF2292C83600BD3F2A /* Info.plist */,
			);
			path = SnapKitTests;
			sourceTree = "<group>";
		};
		9582E9B02292C83600BD3F2A /* CodeSnippets */ = {
			isa = PBXGroup;
			children = (
				9582E9B12292C83600BD3F2A /* SnapKit Constraint Remake.codesnippet */,
				9582E9B22292C83600BD3F2A /* SnapKit Constraint Make.codesnippet */,
			);
			path = CodeSnippets;
			sourceTree = "<group>";
		};
		9582E9BA2292C83600BD3F2A /* Products */ = {
			isa = PBXGroup;
			children = (
				9582E9C12292C83600BD3F2A /* SnapKit.framework */,
				9582E9C32292C83600BD3F2A /* SnapKit Tests.xctest */,
			);
			name = Products;
			sourceTree = "<group>";
		};
/* End PBXGroup section */

/* Begin PBXNativeTarget section */
		9582E90722928D7A00BD3F2A /* UniAlarmee */ = {
			isa = PBXNativeTarget;
			buildConfigurationList = 9582E93022928D7B00BD3F2A /* Build configuration list for PBXNativeTarget "UniAlarmee" */;
			buildPhases = (
				F3D3DA723413AD627E7C0CA7 /* [CP] Check Pods Manifest.lock */,
				9582E90422928D7A00BD3F2A /* Sources */,
				9582E90522928D7A00BD3F2A /* Frameworks */,
				9582E90622928D7A00BD3F2A /* Resources */,
				60A058B820891EEAB04B244E /* [CP] Embed Pods Frameworks */,
			);
			buildRules = (
			);
			dependencies = (
			);
			name = UniAlarmee;
			productName = UniAlarmee;
			productReference = 9582E90822928D7A00BD3F2A /* UniAlarmee.app */;
			productType = "com.apple.product-type.application";
		};
		9582E91B22928D7B00BD3F2A /* UniAlarmeeTests */ = {
			isa = PBXNativeTarget;
			buildConfigurationList = 9582E93322928D7B00BD3F2A /* Build configuration list for PBXNativeTarget "UniAlarmeeTests" */;
			buildPhases = (
				DF603960EE627C26BA3E2CBB /* [CP] Check Pods Manifest.lock */,
				9582E91822928D7B00BD3F2A /* Sources */,
				9582E91922928D7B00BD3F2A /* Frameworks */,
				9582E91A22928D7B00BD3F2A /* Resources */,
				186880EC73EA43EBE42EE116 /* [CP] Embed Pods Frameworks */,
			);
			buildRules = (
			);
			dependencies = (
				9582E91E22928D7B00BD3F2A /* PBXTargetDependency */,
			);
			name = UniAlarmeeTests;
			productName = UniAlarmeeTests;
			productReference = 9582E91C22928D7B00BD3F2A /* UniAlarmeeTests.xctest */;
			productType = "com.apple.product-type.bundle.unit-test";
		};
		9582E92622928D7B00BD3F2A /* UniAlarmeeUITests */ = {
			isa = PBXNativeTarget;
			buildConfigurationList = 9582E93622928D7B00BD3F2A /* Build configuration list for PBXNativeTarget "UniAlarmeeUITests" */;
			buildPhases = (
				AB242261053B1DD6C24C756C /* [CP] Check Pods Manifest.lock */,
				9582E92322928D7B00BD3F2A /* Sources */,
				9582E92422928D7B00BD3F2A /* Frameworks */,
				9582E92522928D7B00BD3F2A /* Resources */,
			);
			buildRules = (
			);
			dependencies = (
				9582E92922928D7B00BD3F2A /* PBXTargetDependency */,
			);
			name = UniAlarmeeUITests;
			productName = UniAlarmeeUITests;
			productReference = 9582E92722928D7B00BD3F2A /* UniAlarmeeUITests.xctest */;
			productType = "com.apple.product-type.bundle.ui-testing";
		};
/* End PBXNativeTarget section */

/* Begin PBXProject section */
		9582E90022928D7900BD3F2A /* Project object */ = {
			isa = PBXProject;
			attributes = {
				LastSwiftUpdateCheck = 1020;
				LastUpgradeCheck = 1020;
				ORGANIZATIONNAME = CSH;
				TargetAttributes = {
					9582E90722928D7A00BD3F2A = {
						CreatedOnToolsVersion = 10.2.1;
					};
					9582E91B22928D7B00BD3F2A = {
						CreatedOnToolsVersion = 10.2.1;
						TestTargetID = 9582E90722928D7A00BD3F2A;
					};
					9582E92622928D7B00BD3F2A = {
						CreatedOnToolsVersion = 10.2.1;
						TestTargetID = 9582E90722928D7A00BD3F2A;
					};
				};
			};
			buildConfigurationList = 9582E90322928D7900BD3F2A /* Build configuration list for PBXProject "UniAlarmee" */;
			compatibilityVersion = "Xcode 9.3";
			developmentRegion = en;
			hasScannedForEncodings = 0;
			knownRegions = (
				en,
				Base,
			);
			mainGroup = 9582E8FF22928D7900BD3F2A;
			productRefGroup = 9582E90922928D7A00BD3F2A /* Products */;
			projectDirPath = "";
			projectReferences = (
				{
					ProductGroup = 9582E9BA2292C83600BD3F2A /* Products */;
					ProjectRef = 9582E9B92292C83600BD3F2A /* SnapKit.xcodeproj */;
				},
			);
			projectRoot = "";
			targets = (
				9582E90722928D7A00BD3F2A /* UniAlarmee */,
				9582E91B22928D7B00BD3F2A /* UniAlarmeeTests */,
				9582E92622928D7B00BD3F2A /* UniAlarmeeUITests */,
			);
		};
/* End PBXProject section */

/* Begin PBXReferenceProxy section */
		9582E9C12292C83600BD3F2A /* SnapKit.framework */ = {
			isa = PBXReferenceProxy;
			fileType = wrapper.framework;
			path = SnapKit.framework;
			remoteRef = 9582E9C02292C83600BD3F2A /* PBXContainerItemProxy */;
			sourceTree = BUILT_PRODUCTS_DIR;
		};
		9582E9C32292C83600BD3F2A /* SnapKit Tests.xctest */ = {
			isa = PBXReferenceProxy;
			fileType = wrapper.cfbundle;
			path = "SnapKit Tests.xctest";
			remoteRef = 9582E9C22292C83600BD3F2A /* PBXContainerItemProxy */;
			sourceTree = BUILT_PRODUCTS_DIR;
		};
/* End PBXReferenceProxy section */

/* Begin PBXResourcesBuildPhase section */
		9582E90622928D7A00BD3F2A /* Resources */ = {
			isa = PBXResourcesBuildPhase;
			buildActionMask = 2147483647;
			files = (
				4EE8A00C22B23B9C00B2C810 /* AddToDo.storyboard in Resources */,
				9582E91622928D7B00BD3F2A /* LaunchScreen.storyboard in Resources */,
				9582E91322928D7B00BD3F2A /* Assets.xcassets in Resources */,
				4E56F49722B2438800C9A1A2 /* Calendar.storyboard in Resources */,
				4EA1E6CA22B399C200D0B985 /* List.storyboard in Resources */,
				9582E91122928D7A00BD3F2A /* Main.storyboard in Resources */,
			);
			runOnlyForDeploymentPostprocessing = 0;
		};
		9582E91A22928D7B00BD3F2A /* Resources */ = {
			isa = PBXResourcesBuildPhase;
			buildActionMask = 2147483647;
			files = (
			);
			runOnlyForDeploymentPostprocessing = 0;
		};
		9582E92522928D7B00BD3F2A /* Resources */ = {
			isa = PBXResourcesBuildPhase;
			buildActionMask = 2147483647;
			files = (
			);
			runOnlyForDeploymentPostprocessing = 0;
		};
/* End PBXResourcesBuildPhase section */

/* Begin PBXShellScriptBuildPhase section */
		186880EC73EA43EBE42EE116 /* [CP] Embed Pods Frameworks */ = {
			isa = PBXShellScriptBuildPhase;
			buildActionMask = 2147483647;
			files = (
			);
			inputFileListPaths = (
				"${PODS_ROOT}/Target Support Files/Pods-UniAlarmee-UniAlarmeeTests/Pods-UniAlarmee-UniAlarmeeTests-frameworks-${CONFIGURATION}-input-files.xcfilelist",
			);
			name = "[CP] Embed Pods Frameworks";
			outputFileListPaths = (
				"${PODS_ROOT}/Target Support Files/Pods-UniAlarmee-UniAlarmeeTests/Pods-UniAlarmee-UniAlarmeeTests-frameworks-${CONFIGURATION}-output-files.xcfilelist",
			);
			runOnlyForDeploymentPostprocessing = 0;
			shellPath = /bin/sh;
			shellScript = "\"${PODS_ROOT}/Target Support Files/Pods-UniAlarmee-UniAlarmeeTests/Pods-UniAlarmee-UniAlarmeeTests-frameworks.sh\"\n";
			showEnvVarsInLog = 0;
		};
		60A058B820891EEAB04B244E /* [CP] Embed Pods Frameworks */ = {
			isa = PBXShellScriptBuildPhase;
			buildActionMask = 2147483647;
			files = (
			);
			inputFileListPaths = (
				"${PODS_ROOT}/Target Support Files/Pods-UniAlarmee/Pods-UniAlarmee-frameworks-${CONFIGURATION}-input-files.xcfilelist",
			);
			name = "[CP] Embed Pods Frameworks";
			outputFileListPaths = (
				"${PODS_ROOT}/Target Support Files/Pods-UniAlarmee/Pods-UniAlarmee-frameworks-${CONFIGURATION}-output-files.xcfilelist",
			);
			runOnlyForDeploymentPostprocessing = 0;
			shellPath = /bin/sh;
			shellScript = "\"${PODS_ROOT}/Target Support Files/Pods-UniAlarmee/Pods-UniAlarmee-frameworks.sh\"\n";
			showEnvVarsInLog = 0;
		};
		AB242261053B1DD6C24C756C /* [CP] Check Pods Manifest.lock */ = {
			isa = PBXShellScriptBuildPhase;
			buildActionMask = 2147483647;
			files = (
			);
			inputFileListPaths = (
			);
			inputPaths = (
				"${PODS_PODFILE_DIR_PATH}/Podfile.lock",
				"${PODS_ROOT}/Manifest.lock",
			);
			name = "[CP] Check Pods Manifest.lock";
			outputFileListPaths = (
			);
			outputPaths = (
				"$(DERIVED_FILE_DIR)/Pods-UniAlarmeeUITests-checkManifestLockResult.txt",
			);
			runOnlyForDeploymentPostprocessing = 0;
			shellPath = /bin/sh;
			shellScript = "diff \"${PODS_PODFILE_DIR_PATH}/Podfile.lock\" \"${PODS_ROOT}/Manifest.lock\" > /dev/null\nif [ $? != 0 ] ; then\n    # print error to STDERR\n    echo \"error: The sandbox is not in sync with the Podfile.lock. Run 'pod install' or update your CocoaPods installation.\" >&2\n    exit 1\nfi\n# This output is used by Xcode 'outputs' to avoid re-running this script phase.\necho \"SUCCESS\" > \"${SCRIPT_OUTPUT_FILE_0}\"\n";
			showEnvVarsInLog = 0;
		};
		DF603960EE627C26BA3E2CBB /* [CP] Check Pods Manifest.lock */ = {
			isa = PBXShellScriptBuildPhase;
			buildActionMask = 2147483647;
			files = (
			);
			inputFileListPaths = (
			);
			inputPaths = (
				"${PODS_PODFILE_DIR_PATH}/Podfile.lock",
				"${PODS_ROOT}/Manifest.lock",
			);
			name = "[CP] Check Pods Manifest.lock";
			outputFileListPaths = (
			);
			outputPaths = (
				"$(DERIVED_FILE_DIR)/Pods-UniAlarmee-UniAlarmeeTests-checkManifestLockResult.txt",
			);
			runOnlyForDeploymentPostprocessing = 0;
			shellPath = /bin/sh;
			shellScript = "diff \"${PODS_PODFILE_DIR_PATH}/Podfile.lock\" \"${PODS_ROOT}/Manifest.lock\" > /dev/null\nif [ $? != 0 ] ; then\n    # print error to STDERR\n    echo \"error: The sandbox is not in sync with the Podfile.lock. Run 'pod install' or update your CocoaPods installation.\" >&2\n    exit 1\nfi\n# This output is used by Xcode 'outputs' to avoid re-running this script phase.\necho \"SUCCESS\" > \"${SCRIPT_OUTPUT_FILE_0}\"\n";
			showEnvVarsInLog = 0;
		};
		F3D3DA723413AD627E7C0CA7 /* [CP] Check Pods Manifest.lock */ = {
			isa = PBXShellScriptBuildPhase;
			buildActionMask = 2147483647;
			files = (
			);
			inputFileListPaths = (
			);
			inputPaths = (
				"${PODS_PODFILE_DIR_PATH}/Podfile.lock",
				"${PODS_ROOT}/Manifest.lock",
			);
			name = "[CP] Check Pods Manifest.lock";
			outputFileListPaths = (
			);
			outputPaths = (
				"$(DERIVED_FILE_DIR)/Pods-UniAlarmee-checkManifestLockResult.txt",
			);
			runOnlyForDeploymentPostprocessing = 0;
			shellPath = /bin/sh;
			shellScript = "diff \"${PODS_PODFILE_DIR_PATH}/Podfile.lock\" \"${PODS_ROOT}/Manifest.lock\" > /dev/null\nif [ $? != 0 ] ; then\n    # print error to STDERR\n    echo \"error: The sandbox is not in sync with the Podfile.lock. Run 'pod install' or update your CocoaPods installation.\" >&2\n    exit 1\nfi\n# This output is used by Xcode 'outputs' to avoid re-running this script phase.\necho \"SUCCESS\" > \"${SCRIPT_OUTPUT_FILE_0}\"\n";
			showEnvVarsInLog = 0;
		};
/* End PBXShellScriptBuildPhase section */

/* Begin PBXSourcesBuildPhase section */
		9582E90422928D7A00BD3F2A /* Sources */ = {
			isa = PBXSourcesBuildPhase;
			buildActionMask = 2147483647;
			files = (
				9582E96822928DCE00BD3F2A /* FSCalendarExtensions.m in Sources */,
				4E56F49922B2449800C9A1A2 /* WebViewController.swift in Sources */,
				95BCE7B22296CBD8000B0690 /* AddTodoViewController.swift in Sources */,
				9582E97522928FCB00BD3F2A /* FSCalendarScopeViewController.swift in Sources */,
				4E80EDBF22B25D80009DAC16 /* vc.swift in Sources */,
				9582E97722928FFD00BD3F2A /* DataCenter.swift in Sources */,
				9582E96B22928DCE00BD3F2A /* FSCalendarHeaderView.m in Sources */,
				9582E96322928DCE00BD3F2A /* FSCalendarStickyHeader.m in Sources */,
				4EA1E6CC22B39A8A00D0B985 /* ListViewController.swift in Sources */,
				9582E96222928DCE00BD3F2A /* FSCalendarCell.m in Sources */,
				9582E96722928DCE00BD3F2A /* FSCalendarSeparatorDecorationView.m in Sources */,
				9582E96622928DCE00BD3F2A /* FSCalendarWeekdayView.m in Sources */,
				4EA1E6C822B38D8900D0B985 /* SettingViewController.swift in Sources */,
				9582E96922928DCE00BD3F2A /* FSCalendarConstants.m in Sources */,
				9582E96A22928DCE00BD3F2A /* FSCalendarCalculator.m in Sources */,
				9582E96422928DCE00BD3F2A /* FSCalendar.m in Sources */,
				9582E96522928DCE00BD3F2A /* FSCalendarCollectionViewLayout.m in Sources */,
				9582E96C22928DCE00BD3F2A /* FSCalendarTransitionCoordinator.m in Sources */,
				9582E96F22928DCE00BD3F2A /* OAuthSample.m in Sources */,
				9582E90E22928D7A00BD3F2A /* ViewController.swift in Sources */,
				9582E96E22928DCE00BD3F2A /* FSCalendarAppearance.m in Sources */,
				9582E95F22928DCE00BD3F2A /* FSCalendarCollectionView.m in Sources */,
				9582E90C22928D7A00BD3F2A /* AppDelegate.swift in Sources */,
				9582E96122928DCE00BD3F2A /* FSCalendarDelegationFactory.m in Sources */,
				9582E96022928DCE00BD3F2A /* FSCalendarDelegationProxy.m in Sources */,
			);
			runOnlyForDeploymentPostprocessing = 0;
		};
		9582E91822928D7B00BD3F2A /* Sources */ = {
			isa = PBXSourcesBuildPhase;
			buildActionMask = 2147483647;
			files = (
				9582E92122928D7B00BD3F2A /* UniAlarmeeTests.swift in Sources */,
			);
			runOnlyForDeploymentPostprocessing = 0;
		};
		9582E92322928D7B00BD3F2A /* Sources */ = {
			isa = PBXSourcesBuildPhase;
			buildActionMask = 2147483647;
			files = (
				9582E92C22928D7B00BD3F2A /* UniAlarmeeUITests.swift in Sources */,
			);
			runOnlyForDeploymentPostprocessing = 0;
		};
/* End PBXSourcesBuildPhase section */

/* Begin PBXTargetDependency section */
		9582E91E22928D7B00BD3F2A /* PBXTargetDependency */ = {
			isa = PBXTargetDependency;
			target = 9582E90722928D7A00BD3F2A /* UniAlarmee */;
			targetProxy = 9582E91D22928D7B00BD3F2A /* PBXContainerItemProxy */;
		};
		9582E92922928D7B00BD3F2A /* PBXTargetDependency */ = {
			isa = PBXTargetDependency;
			target = 9582E90722928D7A00BD3F2A /* UniAlarmee */;
			targetProxy = 9582E92822928D7B00BD3F2A /* PBXContainerItemProxy */;
		};
/* End PBXTargetDependency section */

/* Begin PBXVariantGroup section */
		9582E90F22928D7A00BD3F2A /* Main.storyboard */ = {
			isa = PBXVariantGroup;
			children = (
				9582E91022928D7A00BD3F2A /* Base */,
			);
			name = Main.storyboard;
			sourceTree = "<group>";
		};
		9582E91422928D7B00BD3F2A /* LaunchScreen.storyboard */ = {
			isa = PBXVariantGroup;
			children = (
				9582E91522928D7B00BD3F2A /* Base */,
			);
			name = LaunchScreen.storyboard;
			sourceTree = "<group>";
		};
		9582E97F2292C83600BD3F2A /* LaunchScreen.storyboard */ = {
			isa = PBXVariantGroup;
			children = (
				9582E9802292C83600BD3F2A /* Base */,
			);
			name = LaunchScreen.storyboard;
			sourceTree = "<group>";
		};
/* End PBXVariantGroup section */

/* Begin XCBuildConfiguration section */
		9582E92E22928D7B00BD3F2A /* Debug */ = {
			isa = XCBuildConfiguration;
			buildSettings = {
				ALWAYS_SEARCH_USER_PATHS = NO;
				CLANG_ANALYZER_NONNULL = YES;
				CLANG_ANALYZER_NUMBER_OBJECT_CONVERSION = YES_AGGRESSIVE;
				CLANG_CXX_LANGUAGE_STANDARD = "gnu++14";
				CLANG_CXX_LIBRARY = "libc++";
				CLANG_ENABLE_MODULES = YES;
				CLANG_ENABLE_OBJC_ARC = YES;
				CLANG_ENABLE_OBJC_WEAK = YES;
				CLANG_WARN_BLOCK_CAPTURE_AUTORELEASING = YES;
				CLANG_WARN_BOOL_CONVERSION = YES;
				CLANG_WARN_COMMA = YES;
				CLANG_WARN_CONSTANT_CONVERSION = YES;
				CLANG_WARN_DEPRECATED_OBJC_IMPLEMENTATIONS = YES;
				CLANG_WARN_DIRECT_OBJC_ISA_USAGE = YES_ERROR;
				CLANG_WARN_DOCUMENTATION_COMMENTS = YES;
				CLANG_WARN_EMPTY_BODY = YES;
				CLANG_WARN_ENUM_CONVERSION = YES;
				CLANG_WARN_INFINITE_RECURSION = YES;
				CLANG_WARN_INT_CONVERSION = YES;
				CLANG_WARN_NON_LITERAL_NULL_CONVERSION = YES;
				CLANG_WARN_OBJC_IMPLICIT_RETAIN_SELF = YES;
				CLANG_WARN_OBJC_LITERAL_CONVERSION = YES;
				CLANG_WARN_OBJC_ROOT_CLASS = YES_ERROR;
				CLANG_WARN_RANGE_LOOP_ANALYSIS = YES;
				CLANG_WARN_STRICT_PROTOTYPES = YES;
				CLANG_WARN_SUSPICIOUS_MOVE = YES;
				CLANG_WARN_UNGUARDED_AVAILABILITY = YES_AGGRESSIVE;
				CLANG_WARN_UNREACHABLE_CODE = YES;
				CLANG_WARN__DUPLICATE_METHOD_MATCH = YES;
				CODE_SIGN_IDENTITY = "iPhone Developer";
				COPY_PHASE_STRIP = NO;
				DEBUG_INFORMATION_FORMAT = dwarf;
				ENABLE_STRICT_OBJC_MSGSEND = YES;
				ENABLE_TESTABILITY = YES;
				GCC_C_LANGUAGE_STANDARD = gnu11;
				GCC_DYNAMIC_NO_PIC = NO;
				GCC_NO_COMMON_BLOCKS = YES;
				GCC_OPTIMIZATION_LEVEL = 0;
				GCC_PREPROCESSOR_DEFINITIONS = (
					"DEBUG=1",
					"$(inherited)",
				);
				GCC_WARN_64_TO_32_BIT_CONVERSION = YES;
				GCC_WARN_ABOUT_RETURN_TYPE = YES_ERROR;
				GCC_WARN_UNDECLARED_SELECTOR = YES;
				GCC_WARN_UNINITIALIZED_AUTOS = YES_AGGRESSIVE;
				GCC_WARN_UNUSED_FUNCTION = YES;
				GCC_WARN_UNUSED_VARIABLE = YES;
				IPHONEOS_DEPLOYMENT_TARGET = 12.2;
				MTL_ENABLE_DEBUG_INFO = INCLUDE_SOURCE;
				MTL_FAST_MATH = YES;
				ONLY_ACTIVE_ARCH = YES;
				SDKROOT = iphoneos;
				SWIFT_ACTIVE_COMPILATION_CONDITIONS = DEBUG;
				SWIFT_OBJC_BRIDGING_HEADER = "UniAlarmee-Bridging-Header.h";
				SWIFT_OBJC_INTERFACE_HEADER_NAME = "$(SWIFT_MODULE_NAME)-Bridging-Header.h";
				SWIFT_OPTIMIZATION_LEVEL = "-Onone";
			};
			name = Debug;
		};
		9582E92F22928D7B00BD3F2A /* Release */ = {
			isa = XCBuildConfiguration;
			buildSettings = {
				ALWAYS_SEARCH_USER_PATHS = NO;
				CLANG_ANALYZER_NONNULL = YES;
				CLANG_ANALYZER_NUMBER_OBJECT_CONVERSION = YES_AGGRESSIVE;
				CLANG_CXX_LANGUAGE_STANDARD = "gnu++14";
				CLANG_CXX_LIBRARY = "libc++";
				CLANG_ENABLE_MODULES = YES;
				CLANG_ENABLE_OBJC_ARC = YES;
				CLANG_ENABLE_OBJC_WEAK = YES;
				CLANG_WARN_BLOCK_CAPTURE_AUTORELEASING = YES;
				CLANG_WARN_BOOL_CONVERSION = YES;
				CLANG_WARN_COMMA = YES;
				CLANG_WARN_CONSTANT_CONVERSION = YES;
				CLANG_WARN_DEPRECATED_OBJC_IMPLEMENTATIONS = YES;
				CLANG_WARN_DIRECT_OBJC_ISA_USAGE = YES_ERROR;
				CLANG_WARN_DOCUMENTATION_COMMENTS = YES;
				CLANG_WARN_EMPTY_BODY = YES;
				CLANG_WARN_ENUM_CONVERSION = YES;
				CLANG_WARN_INFINITE_RECURSION = YES;
				CLANG_WARN_INT_CONVERSION = YES;
				CLANG_WARN_NON_LITERAL_NULL_CONVERSION = YES;
				CLANG_WARN_OBJC_IMPLICIT_RETAIN_SELF = YES;
				CLANG_WARN_OBJC_LITERAL_CONVERSION = YES;
				CLANG_WARN_OBJC_ROOT_CLASS = YES_ERROR;
				CLANG_WARN_RANGE_LOOP_ANALYSIS = YES;
				CLANG_WARN_STRICT_PROTOTYPES = YES;
				CLANG_WARN_SUSPICIOUS_MOVE = YES;
				CLANG_WARN_UNGUARDED_AVAILABILITY = YES_AGGRESSIVE;
				CLANG_WARN_UNREACHABLE_CODE = YES;
				CLANG_WARN__DUPLICATE_METHOD_MATCH = YES;
				CODE_SIGN_IDENTITY = "iPhone Developer";
				COPY_PHASE_STRIP = NO;
				DEBUG_INFORMATION_FORMAT = "dwarf-with-dsym";
				ENABLE_NS_ASSERTIONS = NO;
				ENABLE_STRICT_OBJC_MSGSEND = YES;
				GCC_C_LANGUAGE_STANDARD = gnu11;
				GCC_NO_COMMON_BLOCKS = YES;
				GCC_WARN_64_TO_32_BIT_CONVERSION = YES;
				GCC_WARN_ABOUT_RETURN_TYPE = YES_ERROR;
				GCC_WARN_UNDECLARED_SELECTOR = YES;
				GCC_WARN_UNINITIALIZED_AUTOS = YES_AGGRESSIVE;
				GCC_WARN_UNUSED_FUNCTION = YES;
				GCC_WARN_UNUSED_VARIABLE = YES;
				IPHONEOS_DEPLOYMENT_TARGET = 12.2;
				MTL_ENABLE_DEBUG_INFO = NO;
				MTL_FAST_MATH = YES;
				SDKROOT = iphoneos;
				SWIFT_COMPILATION_MODE = wholemodule;
				SWIFT_OBJC_BRIDGING_HEADER = "UniAlarmee-Bridging-Header.h";
				SWIFT_OBJC_INTERFACE_HEADER_NAME = "$(SWIFT_MODULE_NAME)-Bridging-Header.h";
				SWIFT_OPTIMIZATION_LEVEL = "-O";
				VALIDATE_PRODUCT = YES;
			};
			name = Release;
		};
		9582E93122928D7B00BD3F2A /* Debug */ = {
			isa = XCBuildConfiguration;
			baseConfigurationReference = CF90D35CD2425CA0F8516849 /* Pods-UniAlarmee.debug.xcconfig */;
			buildSettings = {
				ASSETCATALOG_COMPILER_APPICON_NAME = AppIcon;
				CODE_SIGN_STYLE = Automatic;
				FRAMEWORK_SEARCH_PATHS = (
					"$(inherited)",
					"$(PROJECT_DIR)$(LOCAL_LIBRARY_DIR)/OAuthSample",
					"$(PROJECT_DIR)/UniAlarmee",
				);
				INFOPLIST_FILE = UniAlarmee/Info.plist;
				LD_RUNPATH_SEARCH_PATHS = (
					"$(inherited)",
					"@executable_path/Frameworks",
				);
				PRODUCT_BUNDLE_IDENTIFIER = CSH.UniAlarmee;
				PRODUCT_NAME = "$(TARGET_NAME)";
				SWIFT_OBJC_INTERFACE_HEADER_NAME = "$(SWIFT_MODULE_NAME)-Bridging-Header.h";
				SWIFT_VERSION = 5.0;
				TARGETED_DEVICE_FAMILY = "1,2";
			};
			name = Debug;
		};
		9582E93222928D7B00BD3F2A /* Release */ = {
			isa = XCBuildConfiguration;
			baseConfigurationReference = 335E8E3D9DFFD9E4E5A5097A /* Pods-UniAlarmee.release.xcconfig */;
			buildSettings = {
				ASSETCATALOG_COMPILER_APPICON_NAME = AppIcon;
				CODE_SIGN_STYLE = Automatic;
				FRAMEWORK_SEARCH_PATHS = (
					"$(inherited)",
					"$(PROJECT_DIR)$(LOCAL_LIBRARY_DIR)/OAuthSample",
					"$(PROJECT_DIR)/UniAlarmee",
				);
				INFOPLIST_FILE = UniAlarmee/Info.plist;
				LD_RUNPATH_SEARCH_PATHS = (
					"$(inherited)",
					"@executable_path/Frameworks",
				);
				ONLY_ACTIVE_ARCH = YES;
				PRODUCT_BUNDLE_IDENTIFIER = CSH.UniAlarmee;
				PRODUCT_NAME = "$(TARGET_NAME)";
				SWIFT_OBJC_INTERFACE_HEADER_NAME = "$(SWIFT_MODULE_NAME)-Bridging-Header.h";
				SWIFT_VERSION = 5.0;
				TARGETED_DEVICE_FAMILY = "1,2";
			};
			name = Release;
		};
		9582E93422928D7B00BD3F2A /* Debug */ = {
			isa = XCBuildConfiguration;
			baseConfigurationReference = 0790CEF517F0FAEC01D8B3AD /* Pods-UniAlarmee-UniAlarmeeTests.debug.xcconfig */;
			buildSettings = {
				ALWAYS_EMBED_SWIFT_STANDARD_LIBRARIES = YES;
				BUNDLE_LOADER = "$(TEST_HOST)";
				CODE_SIGN_STYLE = Automatic;
				INFOPLIST_FILE = UniAlarmeeTests/Info.plist;
				LD_RUNPATH_SEARCH_PATHS = (
					"$(inherited)",
					"@executable_path/Frameworks",
					"@loader_path/Frameworks",
				);
				PRODUCT_BUNDLE_IDENTIFIER = CSH.UniAlarmeeTests;
				PRODUCT_NAME = "$(TARGET_NAME)";
				SWIFT_VERSION = 5.0;
				TARGETED_DEVICE_FAMILY = "1,2";
				TEST_HOST = "$(BUILT_PRODUCTS_DIR)/UniAlarmee.app/UniAlarmee";
			};
			name = Debug;
		};
		9582E93522928D7B00BD3F2A /* Release */ = {
			isa = XCBuildConfiguration;
			baseConfigurationReference = D216C155EF6BBB7733CA4521 /* Pods-UniAlarmee-UniAlarmeeTests.release.xcconfig */;
			buildSettings = {
				ALWAYS_EMBED_SWIFT_STANDARD_LIBRARIES = YES;
				BUNDLE_LOADER = "$(TEST_HOST)";
				CODE_SIGN_STYLE = Automatic;
				INFOPLIST_FILE = UniAlarmeeTests/Info.plist;
				LD_RUNPATH_SEARCH_PATHS = (
					"$(inherited)",
					"@executable_path/Frameworks",
					"@loader_path/Frameworks",
				);
				PRODUCT_BUNDLE_IDENTIFIER = CSH.UniAlarmeeTests;
				PRODUCT_NAME = "$(TARGET_NAME)";
				SWIFT_VERSION = 5.0;
				TARGETED_DEVICE_FAMILY = "1,2";
				TEST_HOST = "$(BUILT_PRODUCTS_DIR)/UniAlarmee.app/UniAlarmee";
			};
			name = Release;
		};
		9582E93722928D7B00BD3F2A /* Debug */ = {
			isa = XCBuildConfiguration;
			baseConfigurationReference = E4270A31805AC027983B3B75 /* Pods-UniAlarmeeUITests.debug.xcconfig */;
			buildSettings = {
				ALWAYS_EMBED_SWIFT_STANDARD_LIBRARIES = YES;
				CODE_SIGN_STYLE = Automatic;
				INFOPLIST_FILE = UniAlarmeeUITests/Info.plist;
				LD_RUNPATH_SEARCH_PATHS = (
					"$(inherited)",
					"@executable_path/Frameworks",
					"@loader_path/Frameworks",
				);
				PRODUCT_BUNDLE_IDENTIFIER = CSH.UniAlarmeeUITests;
				PRODUCT_NAME = "$(TARGET_NAME)";
				SWIFT_VERSION = 5.0;
				TARGETED_DEVICE_FAMILY = "1,2";
				TEST_TARGET_NAME = UniAlarmee;
			};
			name = Debug;
		};
		9582E93822928D7B00BD3F2A /* Release */ = {
			isa = XCBuildConfiguration;
			baseConfigurationReference = 3579B1E0E50BB2EDAEB85F96 /* Pods-UniAlarmeeUITests.release.xcconfig */;
			buildSettings = {
				ALWAYS_EMBED_SWIFT_STANDARD_LIBRARIES = YES;
				CODE_SIGN_STYLE = Automatic;
				INFOPLIST_FILE = UniAlarmeeUITests/Info.plist;
				LD_RUNPATH_SEARCH_PATHS = (
					"$(inherited)",
					"@executable_path/Frameworks",
					"@loader_path/Frameworks",
				);
				PRODUCT_BUNDLE_IDENTIFIER = CSH.UniAlarmeeUITests;
				PRODUCT_NAME = "$(TARGET_NAME)";
				SWIFT_VERSION = 5.0;
				TARGETED_DEVICE_FAMILY = "1,2";
				TEST_TARGET_NAME = UniAlarmee;
			};
			name = Release;
		};
/* End XCBuildConfiguration section */

/* Begin XCConfigurationList section */
		9582E90322928D7900BD3F2A /* Build configuration list for PBXProject "UniAlarmee" */ = {
			isa = XCConfigurationList;
			buildConfigurations = (
				9582E92E22928D7B00BD3F2A /* Debug */,
				9582E92F22928D7B00BD3F2A /* Release */,
			);
			defaultConfigurationIsVisible = 0;
			defaultConfigurationName = Release;
		};
		9582E93022928D7B00BD3F2A /* Build configuration list for PBXNativeTarget "UniAlarmee" */ = {
			isa = XCConfigurationList;
			buildConfigurations = (
				9582E93122928D7B00BD3F2A /* Debug */,
				9582E93222928D7B00BD3F2A /* Release */,
			);
			defaultConfigurationIsVisible = 0;
			defaultConfigurationName = Release;
		};
		9582E93322928D7B00BD3F2A /* Build configuration list for PBXNativeTarget "UniAlarmeeTests" */ = {
			isa = XCConfigurationList;
			buildConfigurations = (
				9582E93422928D7B00BD3F2A /* Debug */,
				9582E93522928D7B00BD3F2A /* Release */,
			);
			defaultConfigurationIsVisible = 0;
			defaultConfigurationName = Release;
		};
		9582E93622928D7B00BD3F2A /* Build configuration list for PBXNativeTarget "UniAlarmeeUITests" */ = {
			isa = XCConfigurationList;
			buildConfigurations = (
				9582E93722928D7B00BD3F2A /* Debug */,
				9582E93822928D7B00BD3F2A /* Release */,
			);
			defaultConfigurationIsVisible = 0;
			defaultConfigurationName = Release;
		};
/* End XCConfigurationList section */
	};
	rootObject = 9582E90022928D7900BD3F2A /* Project object */;
}
